PODS:
  - Alamofire (4.7.2)
  - Kommander (1.0)
  - Moya (11.0.2):
    - Moya/Core (= 11.0.2)
  - Moya/Core (11.0.2):
    - Alamofire (~> 4.1)
    - Result (~> 3.0)
  - Result (3.2.4)
  - RxSwift (4.1.2)

DEPENDENCIES:
  - Alamofire
  - Kommander
  - Moya
  - RxSwift

SPEC REPOS:
  https://github.com/CocoaPods/Specs.git:
    - Alamofire
    - Kommander
    - Moya
    - Result
    - RxSwift

SPEC CHECKSUMS:
  Alamofire: e4fa87002c137ba2d8d634d2c51fabcda0d5c223
  Kommander: b13ddefba80a43d7ae112b7768e944c7a8a8af75
  Moya: a725035953bc1c0eb1be505ab903984501d82440
  Result: d2d07204ce72856f1fd9130bbe42c35a7b0fea10
  RxSwift: e49536837d9901277638493ea537394d4b55f570

PODFILE CHECKSUM: bf427bb5ae017fbaee4759034af5083aa909b34c

COCOAPODS: 1.5.0
