PODS:
  - Alamofire (4.7.3)
  - Kommander (1.0.2)
  - Moya (11.0.2):
    - Moya/Core (= 11.0.2)
  - Moya/Core (11.0.2):
    - Alamofire (~> 4.1)
    - Result (~> 3.0)
  - Result (3.2.4)
  - RxSwift (4.2.0)

DEPENDENCIES:
  - Alamofire
  - Kommander
  - Moya
  - RxSwift

SPEC REPOS:
  https://github.com/cocoapods/specs.git:
    - Alamofire
    - Kommander
    - Moya
    - Result
    - RxSwift

SPEC CHECKSUMS:
  Alamofire: c7287b6e5d7da964a70935e5db17046b7fde6568
  Kommander: adbc5d95589487a990320d37bdf5b48d467ad28b
  Moya: a725035953bc1c0eb1be505ab903984501d82440
  Result: d2d07204ce72856f1fd9130bbe42c35a7b0fea10
  RxSwift: 99e10317ddfcc7fbe01356aafd118fde4a0be104

PODFILE CHECKSUM: 2ad944a5e4acfdfca85dc2ee9291af91d4ba9e9a

COCOAPODS: 1.5.3
