// !$*UTF8*$!
{
	archiveVersion = 1;
	classes = {
	};
	objectVersion = 46;
	objects = {

/* Begin PBXAggregateTarget section */
		D5A521611E7B340D00406F0F /* Core */ = {
			isa = PBXAggregateTarget;
			buildConfigurationList = D5A521621E7B340D00406F0F /* Build configuration list for PBXAggregateTarget "Core" */;
			buildPhases = (
			);
			dependencies = (
			);
			name = Core;
			productName = Core;
		};
/* End PBXAggregateTarget section */

/* Begin PBXBuildFile section */
		817F74731E7BFFDC0025B59D /* NetURLSession+SyncData.swift in Sources */ = {isa = PBXBuildFile; fileRef = 817F74711E7BFFD40025B59D /* NetURLSession+SyncData.swift */; };
		817F74741E7BFFDC0025B59D /* NetURLSession+SyncData.swift in Sources */ = {isa = PBXBuildFile; fileRef = 817F74711E7BFFD40025B59D /* NetURLSession+SyncData.swift */; };
		817F74751E7BFFDD0025B59D /* NetURLSession+SyncData.swift in Sources */ = {isa = PBXBuildFile; fileRef = 817F74711E7BFFD40025B59D /* NetURLSession+SyncData.swift */; };
		817F74761E7BFFDE0025B59D /* NetURLSession+SyncData.swift in Sources */ = {isa = PBXBuildFile; fileRef = 817F74711E7BFFD40025B59D /* NetURLSession+SyncData.swift */; };
		817F74791E7C00FF0025B59D /* NetURLSession+AsyncData.swift in Sources */ = {isa = PBXBuildFile; fileRef = 817F74771E7C00D10025B59D /* NetURLSession+AsyncData.swift */; };
		817F747A1E7C01000025B59D /* NetURLSession+AsyncData.swift in Sources */ = {isa = PBXBuildFile; fileRef = 817F74771E7C00D10025B59D /* NetURLSession+AsyncData.swift */; };
		817F747B1E7C01010025B59D /* NetURLSession+AsyncData.swift in Sources */ = {isa = PBXBuildFile; fileRef = 817F74771E7C00D10025B59D /* NetURLSession+AsyncData.swift */; };
		817F747C1E7C01020025B59D /* NetURLSession+AsyncData.swift in Sources */ = {isa = PBXBuildFile; fileRef = 817F74771E7C00D10025B59D /* NetURLSession+AsyncData.swift */; };
		817F747F1E7C01890025B59D /* NetURLSession+SyncJSON.swift in Sources */ = {isa = PBXBuildFile; fileRef = 817F747D1E7C015A0025B59D /* NetURLSession+SyncJSON.swift */; };
		817F74801E7C018A0025B59D /* NetURLSession+SyncJSON.swift in Sources */ = {isa = PBXBuildFile; fileRef = 817F747D1E7C015A0025B59D /* NetURLSession+SyncJSON.swift */; };
		817F74811E7C018B0025B59D /* NetURLSession+SyncJSON.swift in Sources */ = {isa = PBXBuildFile; fileRef = 817F747D1E7C015A0025B59D /* NetURLSession+SyncJSON.swift */; };
		817F74821E7C018C0025B59D /* NetURLSession+SyncJSON.swift in Sources */ = {isa = PBXBuildFile; fileRef = 817F747D1E7C015A0025B59D /* NetURLSession+SyncJSON.swift */; };
		817F74851E7C01E50025B59D /* NetURLSession+AsyncJSON.swift in Sources */ = {isa = PBXBuildFile; fileRef = 817F74831E7C01E10025B59D /* NetURLSession+AsyncJSON.swift */; };
		817F74861E7C01E60025B59D /* NetURLSession+AsyncJSON.swift in Sources */ = {isa = PBXBuildFile; fileRef = 817F74831E7C01E10025B59D /* NetURLSession+AsyncJSON.swift */; };
		817F74871E7C01E70025B59D /* NetURLSession+AsyncJSON.swift in Sources */ = {isa = PBXBuildFile; fileRef = 817F74831E7C01E10025B59D /* NetURLSession+AsyncJSON.swift */; };
		817F74881E7C01E80025B59D /* NetURLSession+AsyncJSON.swift in Sources */ = {isa = PBXBuildFile; fileRef = 817F74831E7C01E10025B59D /* NetURLSession+AsyncJSON.swift */; };
		817F748F1E7C0A6F0025B59D /* NetURLSession+AsyncDownload.swift in Sources */ = {isa = PBXBuildFile; fileRef = 817F74891E7C0A680025B59D /* NetURLSession+AsyncDownload.swift */; };
		817F74901E7C0A6F0025B59D /* NetURLSession+AsyncUpload.swift in Sources */ = {isa = PBXBuildFile; fileRef = 817F748A1E7C0A680025B59D /* NetURLSession+AsyncUpload.swift */; };
		817F74911E7C0A6F0025B59D /* NetURLSession+SyncDownload.swift in Sources */ = {isa = PBXBuildFile; fileRef = 817F748B1E7C0A680025B59D /* NetURLSession+SyncDownload.swift */; };
		817F74921E7C0A6F0025B59D /* NetURLSession+SyncUpload.swift in Sources */ = {isa = PBXBuildFile; fileRef = 817F748C1E7C0A680025B59D /* NetURLSession+SyncUpload.swift */; };
		817F74931E7C0A6F0025B59D /* NetURLSession+AsyncStream.swift in Sources */ = {isa = PBXBuildFile; fileRef = 817F748D1E7C0A680025B59D /* NetURLSession+AsyncStream.swift */; };
		817F74951E7C0A700025B59D /* NetURLSession+AsyncDownload.swift in Sources */ = {isa = PBXBuildFile; fileRef = 817F74891E7C0A680025B59D /* NetURLSession+AsyncDownload.swift */; };
		817F74961E7C0A700025B59D /* NetURLSession+AsyncUpload.swift in Sources */ = {isa = PBXBuildFile; fileRef = 817F748A1E7C0A680025B59D /* NetURLSession+AsyncUpload.swift */; };
		817F74971E7C0A700025B59D /* NetURLSession+SyncDownload.swift in Sources */ = {isa = PBXBuildFile; fileRef = 817F748B1E7C0A680025B59D /* NetURLSession+SyncDownload.swift */; };
		817F74981E7C0A700025B59D /* NetURLSession+SyncUpload.swift in Sources */ = {isa = PBXBuildFile; fileRef = 817F748C1E7C0A680025B59D /* NetURLSession+SyncUpload.swift */; };
		817F74991E7C0A700025B59D /* NetURLSession+AsyncStream.swift in Sources */ = {isa = PBXBuildFile; fileRef = 817F748D1E7C0A680025B59D /* NetURLSession+AsyncStream.swift */; };
		817F749B1E7C0A710025B59D /* NetURLSession+AsyncDownload.swift in Sources */ = {isa = PBXBuildFile; fileRef = 817F74891E7C0A680025B59D /* NetURLSession+AsyncDownload.swift */; };
		817F749C1E7C0A710025B59D /* NetURLSession+AsyncUpload.swift in Sources */ = {isa = PBXBuildFile; fileRef = 817F748A1E7C0A680025B59D /* NetURLSession+AsyncUpload.swift */; };
		817F749D1E7C0A710025B59D /* NetURLSession+SyncDownload.swift in Sources */ = {isa = PBXBuildFile; fileRef = 817F748B1E7C0A680025B59D /* NetURLSession+SyncDownload.swift */; };
		817F749E1E7C0A710025B59D /* NetURLSession+SyncUpload.swift in Sources */ = {isa = PBXBuildFile; fileRef = 817F748C1E7C0A680025B59D /* NetURLSession+SyncUpload.swift */; };
		817F749F1E7C0A710025B59D /* NetURLSession+AsyncStream.swift in Sources */ = {isa = PBXBuildFile; fileRef = 817F748D1E7C0A680025B59D /* NetURLSession+AsyncStream.swift */; };
		817F74A11E7C0A720025B59D /* NetURLSession+AsyncDownload.swift in Sources */ = {isa = PBXBuildFile; fileRef = 817F74891E7C0A680025B59D /* NetURLSession+AsyncDownload.swift */; };
		817F74A21E7C0A720025B59D /* NetURLSession+AsyncUpload.swift in Sources */ = {isa = PBXBuildFile; fileRef = 817F748A1E7C0A680025B59D /* NetURLSession+AsyncUpload.swift */; };
		817F74A31E7C0A720025B59D /* NetURLSession+SyncDownload.swift in Sources */ = {isa = PBXBuildFile; fileRef = 817F748B1E7C0A680025B59D /* NetURLSession+SyncDownload.swift */; };
		817F74A41E7C0A720025B59D /* NetURLSession+SyncUpload.swift in Sources */ = {isa = PBXBuildFile; fileRef = 817F748C1E7C0A680025B59D /* NetURLSession+SyncUpload.swift */; };
		817F74A51E7C0A720025B59D /* NetURLSession+AsyncStream.swift in Sources */ = {isa = PBXBuildFile; fileRef = 817F748D1E7C0A680025B59D /* NetURLSession+AsyncStream.swift */; };
		818FC9281E82BF3B00FEC5A3 /* Net.swift in Sources */ = {isa = PBXBuildFile; fileRef = 818FC9261E82BF3200FEC5A3 /* Net.swift */; };
		818FC9291E82BF3C00FEC5A3 /* Net.swift in Sources */ = {isa = PBXBuildFile; fileRef = 818FC9261E82BF3200FEC5A3 /* Net.swift */; };
		818FC92A1E82BF3D00FEC5A3 /* Net.swift in Sources */ = {isa = PBXBuildFile; fileRef = 818FC9261E82BF3200FEC5A3 /* Net.swift */; };
		818FC92B1E82BF3D00FEC5A3 /* Net.swift in Sources */ = {isa = PBXBuildFile; fileRef = 818FC9261E82BF3200FEC5A3 /* Net.swift */; };
		818FC92E1E82BFDE00FEC5A3 /* NetError.swift in Sources */ = {isa = PBXBuildFile; fileRef = 818FC92C1E82BFD800FEC5A3 /* NetError.swift */; };
		818FC92F1E82BFDF00FEC5A3 /* NetError.swift in Sources */ = {isa = PBXBuildFile; fileRef = 818FC92C1E82BFD800FEC5A3 /* NetError.swift */; };
		818FC9301E82BFE000FEC5A3 /* NetError.swift in Sources */ = {isa = PBXBuildFile; fileRef = 818FC92C1E82BFD800FEC5A3 /* NetError.swift */; };
		818FC9311E82BFE100FEC5A3 /* NetError.swift in Sources */ = {isa = PBXBuildFile; fileRef = 818FC92C1E82BFD800FEC5A3 /* NetError.swift */; };
		818FC9341E82C26200FEC5A3 /* NetResponse.swift in Sources */ = {isa = PBXBuildFile; fileRef = 818FC9321E82C22000FEC5A3 /* NetResponse.swift */; };
		818FC9351E82C26300FEC5A3 /* NetResponse.swift in Sources */ = {isa = PBXBuildFile; fileRef = 818FC9321E82C22000FEC5A3 /* NetResponse.swift */; };
		818FC9361E82C26400FEC5A3 /* NetResponse.swift in Sources */ = {isa = PBXBuildFile; fileRef = 818FC9321E82C22000FEC5A3 /* NetResponse.swift */; };
		818FC9371E82C26400FEC5A3 /* NetResponse.swift in Sources */ = {isa = PBXBuildFile; fileRef = 818FC9321E82C22000FEC5A3 /* NetResponse.swift */; };
		818FC93A1E82C61100FEC5A3 /* NetResponse+URLResponse.swift in Sources */ = {isa = PBXBuildFile; fileRef = 818FC9381E82C60B00FEC5A3 /* NetResponse+URLResponse.swift */; };
		818FC93B1E82C61200FEC5A3 /* NetResponse+URLResponse.swift in Sources */ = {isa = PBXBuildFile; fileRef = 818FC9381E82C60B00FEC5A3 /* NetResponse+URLResponse.swift */; };
		818FC93C1E82C61200FEC5A3 /* NetResponse+URLResponse.swift in Sources */ = {isa = PBXBuildFile; fileRef = 818FC9381E82C60B00FEC5A3 /* NetResponse+URLResponse.swift */; };
		818FC93D1E82C61300FEC5A3 /* NetResponse+URLResponse.swift in Sources */ = {isa = PBXBuildFile; fileRef = 818FC9381E82C60B00FEC5A3 /* NetResponse+URLResponse.swift */; };
		81ACB7DE1E83C656006D05DD /* NetRequest.swift in Sources */ = {isa = PBXBuildFile; fileRef = 81ACB7DC1E83C64F006D05DD /* NetRequest.swift */; };
		81ACB7DF1E83C657006D05DD /* NetRequest.swift in Sources */ = {isa = PBXBuildFile; fileRef = 81ACB7DC1E83C64F006D05DD /* NetRequest.swift */; };
		81ACB7E01E83C658006D05DD /* NetRequest.swift in Sources */ = {isa = PBXBuildFile; fileRef = 81ACB7DC1E83C64F006D05DD /* NetRequest.swift */; };
		81ACB7E11E83C659006D05DD /* NetRequest.swift in Sources */ = {isa = PBXBuildFile; fileRef = 81ACB7DC1E83C64F006D05DD /* NetRequest.swift */; };
		81ACB7E41E84020C006D05DD /* NetContentType.swift in Sources */ = {isa = PBXBuildFile; fileRef = 81ACB7E21E83D0C8006D05DD /* NetContentType.swift */; };
		81ACB7E51E84020E006D05DD /* NetContentType.swift in Sources */ = {isa = PBXBuildFile; fileRef = 81ACB7E21E83D0C8006D05DD /* NetContentType.swift */; };
		81ACB7E61E84020E006D05DD /* NetContentType.swift in Sources */ = {isa = PBXBuildFile; fileRef = 81ACB7E21E83D0C8006D05DD /* NetContentType.swift */; };
		81ACB7E71E84020F006D05DD /* NetContentType.swift in Sources */ = {isa = PBXBuildFile; fileRef = 81ACB7E21E83D0C8006D05DD /* NetContentType.swift */; };
		81ACB7EE1E84075B006D05DD /* NetRequest+URLRequest.swift in Sources */ = {isa = PBXBuildFile; fileRef = 81ACB7ED1E84075B006D05DD /* NetRequest+URLRequest.swift */; };
		81ACB7EF1E84075B006D05DD /* NetRequest+URLRequest.swift in Sources */ = {isa = PBXBuildFile; fileRef = 81ACB7ED1E84075B006D05DD /* NetRequest+URLRequest.swift */; };
		81ACB7F01E84075B006D05DD /* NetRequest+URLRequest.swift in Sources */ = {isa = PBXBuildFile; fileRef = 81ACB7ED1E84075B006D05DD /* NetRequest+URLRequest.swift */; };
		81ACB7F11E84075B006D05DD /* NetRequest+URLRequest.swift in Sources */ = {isa = PBXBuildFile; fileRef = 81ACB7ED1E84075B006D05DD /* NetRequest+URLRequest.swift */; };
		81ACB7F41E84306B006D05DD /* NetURLSession+AsyncString.swift in Sources */ = {isa = PBXBuildFile; fileRef = 81ACB7F21E843059006D05DD /* NetURLSession+AsyncString.swift */; };
		81ACB7F51E84306C006D05DD /* NetURLSession+AsyncString.swift in Sources */ = {isa = PBXBuildFile; fileRef = 81ACB7F21E843059006D05DD /* NetURLSession+AsyncString.swift */; };
		81ACB7F61E84306D006D05DD /* NetURLSession+AsyncString.swift in Sources */ = {isa = PBXBuildFile; fileRef = 81ACB7F21E843059006D05DD /* NetURLSession+AsyncString.swift */; };
		81ACB7F71E84306E006D05DD /* NetURLSession+AsyncString.swift in Sources */ = {isa = PBXBuildFile; fileRef = 81ACB7F21E843059006D05DD /* NetURLSession+AsyncString.swift */; };
		81ACB7F81E843074006D05DD /* NetURLSession+SyncString.swift in Sources */ = {isa = PBXBuildFile; fileRef = 81ACB7F31E843059006D05DD /* NetURLSession+SyncString.swift */; };
		81ACB7F91E843075006D05DD /* NetURLSession+SyncString.swift in Sources */ = {isa = PBXBuildFile; fileRef = 81ACB7F31E843059006D05DD /* NetURLSession+SyncString.swift */; };
		81ACB7FA1E843075006D05DD /* NetURLSession+SyncString.swift in Sources */ = {isa = PBXBuildFile; fileRef = 81ACB7F31E843059006D05DD /* NetURLSession+SyncString.swift */; };
		81ACB7FB1E843077006D05DD /* NetURLSession+SyncString.swift in Sources */ = {isa = PBXBuildFile; fileRef = 81ACB7F31E843059006D05DD /* NetURLSession+SyncString.swift */; };
		81F044001E82C78000B6DC0E /* NetResponse+HTTPURLResponse.swift in Sources */ = {isa = PBXBuildFile; fileRef = 81F043FF1E82C78000B6DC0E /* NetResponse+HTTPURLResponse.swift */; };
		81F044011E82C78000B6DC0E /* NetResponse+HTTPURLResponse.swift in Sources */ = {isa = PBXBuildFile; fileRef = 81F043FF1E82C78000B6DC0E /* NetResponse+HTTPURLResponse.swift */; };
		81F044021E82C78000B6DC0E /* NetResponse+HTTPURLResponse.swift in Sources */ = {isa = PBXBuildFile; fileRef = 81F043FF1E82C78000B6DC0E /* NetResponse+HTTPURLResponse.swift */; };
		81F044031E82C78000B6DC0E /* NetResponse+HTTPURLResponse.swift in Sources */ = {isa = PBXBuildFile; fileRef = 81F043FF1E82C78000B6DC0E /* NetResponse+HTTPURLResponse.swift */; };
		D5A521741E7B342100406F0F /* Net.framework in Frameworks */ = {isa = PBXBuildFile; fileRef = D5A5216A1E7B342100406F0F /* Net.framework */; };
		D5A521791E7B342100406F0F /* iOSTests.swift in Sources */ = {isa = PBXBuildFile; fileRef = D5A521781E7B342100406F0F /* iOSTests.swift */; };
		D5A5219D1E7B343D00406F0F /* Net.framework in Frameworks */ = {isa = PBXBuildFile; fileRef = D5A521941E7B343D00406F0F /* Net.framework */; };
		D5A521A21E7B343D00406F0F /* tvOSTests.swift in Sources */ = {isa = PBXBuildFile; fileRef = D5A521A11E7B343D00406F0F /* tvOSTests.swift */; };
		D5A521B91E7B345000406F0F /* Net.framework in Frameworks */ = {isa = PBXBuildFile; fileRef = D5A521B01E7B345000406F0F /* Net.framework */; };
		D5A521BE1E7B345000406F0F /* macOSTests.swift in Sources */ = {isa = PBXBuildFile; fileRef = D5A521BD1E7B345000406F0F /* macOSTests.swift */; };
		D5A521CE1E7B348100406F0F /* AppDelegate.swift in Sources */ = {isa = PBXBuildFile; fileRef = D5A521CD1E7B348100406F0F /* AppDelegate.swift */; };
		D5A521D01E7B348100406F0F /* ViewController.swift in Sources */ = {isa = PBXBuildFile; fileRef = D5A521CF1E7B348100406F0F /* ViewController.swift */; };
		D5A521D31E7B348100406F0F /* Main.storyboard in Resources */ = {isa = PBXBuildFile; fileRef = D5A521D11E7B348100406F0F /* Main.storyboard */; };
		D5A521D51E7B348100406F0F /* Assets.xcassets in Resources */ = {isa = PBXBuildFile; fileRef = D5A521D41E7B348100406F0F /* Assets.xcassets */; };
		D5A521D81E7B348100406F0F /* LaunchScreen.storyboard in Resources */ = {isa = PBXBuildFile; fileRef = D5A521D61E7B348100406F0F /* LaunchScreen.storyboard */; };
		D5A521E31E7B348100406F0F /* ExampleUITests.swift in Sources */ = {isa = PBXBuildFile; fileRef = D5A521E21E7B348100406F0F /* ExampleUITests.swift */; };
		D5A521EF1E7B351100406F0F /* Net.h in Headers */ = {isa = PBXBuildFile; fileRef = D5A521EE1E7B351100406F0F /* Net.h */; settings = {ATTRIBUTES = (Public, ); }; };
		D5A521F01E7B351100406F0F /* Net.h in Headers */ = {isa = PBXBuildFile; fileRef = D5A521EE1E7B351100406F0F /* Net.h */; settings = {ATTRIBUTES = (Public, ); }; };
		D5A521F11E7B351100406F0F /* Net.h in Headers */ = {isa = PBXBuildFile; fileRef = D5A521EE1E7B351100406F0F /* Net.h */; settings = {ATTRIBUTES = (Public, ); }; };
		D5A521F21E7B351100406F0F /* Net.h in Headers */ = {isa = PBXBuildFile; fileRef = D5A521EE1E7B351100406F0F /* Net.h */; settings = {ATTRIBUTES = (Public, ); }; };
		D5A522021E7B3C8600406F0F /* Net.framework in Frameworks */ = {isa = PBXBuildFile; fileRef = D5A5216A1E7B342100406F0F /* Net.framework */; };
		D5A522031E7B3C8600406F0F /* Net.framework in Embed Frameworks */ = {isa = PBXBuildFile; fileRef = D5A5216A1E7B342100406F0F /* Net.framework */; settings = {ATTRIBUTES = (CodeSignOnCopy, RemoveHeadersOnCopy, ); }; };
		D5A5220E1E7B5DC400406F0F /* NetURLSession.swift in Sources */ = {isa = PBXBuildFile; fileRef = D5A5220D1E7B5DBD00406F0F /* NetURLSession.swift */; };
		D5A5220F1E7B5DC500406F0F /* NetURLSession.swift in Sources */ = {isa = PBXBuildFile; fileRef = D5A5220D1E7B5DBD00406F0F /* NetURLSession.swift */; };
		D5A522101E7B5DC600406F0F /* NetURLSession.swift in Sources */ = {isa = PBXBuildFile; fileRef = D5A5220D1E7B5DBD00406F0F /* NetURLSession.swift */; };
		D5A522111E7B5DC700406F0F /* NetURLSession.swift in Sources */ = {isa = PBXBuildFile; fileRef = D5A5220D1E7B5DBD00406F0F /* NetURLSession.swift */; };
		D5A522141E7C3C9400406F0F /* NetURLSessionDelegate.swift in Sources */ = {isa = PBXBuildFile; fileRef = D5A522121E7C3C8F00406F0F /* NetURLSessionDelegate.swift */; };
		D5A522151E7C3C9500406F0F /* NetURLSessionDelegate.swift in Sources */ = {isa = PBXBuildFile; fileRef = D5A522121E7C3C8F00406F0F /* NetURLSessionDelegate.swift */; };
		D5A522161E7C3C9600406F0F /* NetURLSessionDelegate.swift in Sources */ = {isa = PBXBuildFile; fileRef = D5A522121E7C3C8F00406F0F /* NetURLSessionDelegate.swift */; };
		D5A522171E7C3C9600406F0F /* NetURLSessionDelegate.swift in Sources */ = {isa = PBXBuildFile; fileRef = D5A522121E7C3C8F00406F0F /* NetURLSessionDelegate.swift */; };
		D5A5221A1E7CC33F00406F0F /* NetURLSessionTaskObserver.swift in Sources */ = {isa = PBXBuildFile; fileRef = D5A522181E7CC33900406F0F /* NetURLSessionTaskObserver.swift */; };
		D5A5221B1E7CC34100406F0F /* NetURLSessionTaskObserver.swift in Sources */ = {isa = PBXBuildFile; fileRef = D5A522181E7CC33900406F0F /* NetURLSessionTaskObserver.swift */; };
		D5A5221C1E7CC34100406F0F /* NetURLSessionTaskObserver.swift in Sources */ = {isa = PBXBuildFile; fileRef = D5A522181E7CC33900406F0F /* NetURLSessionTaskObserver.swift */; };
		D5A5221D1E7CC34200406F0F /* NetURLSessionTaskObserver.swift in Sources */ = {isa = PBXBuildFile; fileRef = D5A522181E7CC33900406F0F /* NetURLSessionTaskObserver.swift */; };
/* End PBXBuildFile section */

/* Begin PBXContainerItemProxy section */
		D5A521751E7B342100406F0F /* PBXContainerItemProxy */ = {
			isa = PBXContainerItemProxy;
			containerPortal = D5A5215B1E7B33FF00406F0F /* Project object */;
			proxyType = 1;
			remoteGlobalIDString = D5A521691E7B342100406F0F;
			remoteInfo = iOS;
		};
		D5A5219E1E7B343D00406F0F /* PBXContainerItemProxy */ = {
			isa = PBXContainerItemProxy;
			containerPortal = D5A5215B1E7B33FF00406F0F /* Project object */;
			proxyType = 1;
			remoteGlobalIDString = D5A521931E7B343D00406F0F;
			remoteInfo = tvOS;
		};
		D5A521BA1E7B345000406F0F /* PBXContainerItemProxy */ = {
			isa = PBXContainerItemProxy;
			containerPortal = D5A5215B1E7B33FF00406F0F /* Project object */;
			proxyType = 1;
			remoteGlobalIDString = D5A521AF1E7B345000406F0F;
			remoteInfo = macOS;
		};
		D5A521DF1E7B348100406F0F /* PBXContainerItemProxy */ = {
			isa = PBXContainerItemProxy;
			containerPortal = D5A5215B1E7B33FF00406F0F /* Project object */;
			proxyType = 1;
			remoteGlobalIDString = D5A521CA1E7B348100406F0F;
			remoteInfo = Example;
		};
		D5A521F41E7B3BC200406F0F /* PBXContainerItemProxy */ = {
			isa = PBXContainerItemProxy;
			containerPortal = D5A5215B1E7B33FF00406F0F /* Project object */;
			proxyType = 1;
			remoteGlobalIDString = D5A521611E7B340D00406F0F;
			remoteInfo = Core;
		};
		D5A521F61E7B3BE100406F0F /* PBXContainerItemProxy */ = {
			isa = PBXContainerItemProxy;
			containerPortal = D5A5215B1E7B33FF00406F0F /* Project object */;
			proxyType = 1;
			remoteGlobalIDString = D5A521611E7B340D00406F0F;
			remoteInfo = Core;
		};
		D5A521F81E7B3BE700406F0F /* PBXContainerItemProxy */ = {
			isa = PBXContainerItemProxy;
			containerPortal = D5A5215B1E7B33FF00406F0F /* Project object */;
			proxyType = 1;
			remoteGlobalIDString = D5A521611E7B340D00406F0F;
			remoteInfo = Core;
		};
		D5A521FA1E7B3BED00406F0F /* PBXContainerItemProxy */ = {
			isa = PBXContainerItemProxy;
			containerPortal = D5A5215B1E7B33FF00406F0F /* Project object */;
			proxyType = 1;
			remoteGlobalIDString = D5A521611E7B340D00406F0F;
			remoteInfo = Core;
		};
		D5A522041E7B3C8600406F0F /* PBXContainerItemProxy */ = {
			isa = PBXContainerItemProxy;
			containerPortal = D5A5215B1E7B33FF00406F0F /* Project object */;
			proxyType = 1;
			remoteGlobalIDString = D5A521691E7B342100406F0F;
			remoteInfo = iOS;
		};
/* End PBXContainerItemProxy section */

/* Begin PBXCopyFilesBuildPhase section */
		D5A522061E7B3C8600406F0F /* Embed Frameworks */ = {
			isa = PBXCopyFilesBuildPhase;
			buildActionMask = 2147483647;
			dstPath = "";
			dstSubfolderSpec = 10;
			files = (
				D5A522031E7B3C8600406F0F /* Net.framework in Embed Frameworks */,
			);
			name = "Embed Frameworks";
			runOnlyForDeploymentPostprocessing = 0;
		};
/* End PBXCopyFilesBuildPhase section */

/* Begin PBXFileReference section */
		817F74711E7BFFD40025B59D /* NetURLSession+SyncData.swift */ = {isa = PBXFileReference; fileEncoding = 4; lastKnownFileType = sourcecode.swift; path = "NetURLSession+SyncData.swift"; sourceTree = "<group>"; };
		817F74771E7C00D10025B59D /* NetURLSession+AsyncData.swift */ = {isa = PBXFileReference; fileEncoding = 4; lastKnownFileType = sourcecode.swift; path = "NetURLSession+AsyncData.swift"; sourceTree = "<group>"; };
		817F747D1E7C015A0025B59D /* NetURLSession+SyncJSON.swift */ = {isa = PBXFileReference; fileEncoding = 4; lastKnownFileType = sourcecode.swift; path = "NetURLSession+SyncJSON.swift"; sourceTree = "<group>"; };
		817F74831E7C01E10025B59D /* NetURLSession+AsyncJSON.swift */ = {isa = PBXFileReference; fileEncoding = 4; lastKnownFileType = sourcecode.swift; path = "NetURLSession+AsyncJSON.swift"; sourceTree = "<group>"; };
		817F74891E7C0A680025B59D /* NetURLSession+AsyncDownload.swift */ = {isa = PBXFileReference; fileEncoding = 4; lastKnownFileType = sourcecode.swift; path = "NetURLSession+AsyncDownload.swift"; sourceTree = "<group>"; };
		817F748A1E7C0A680025B59D /* NetURLSession+AsyncUpload.swift */ = {isa = PBXFileReference; fileEncoding = 4; lastKnownFileType = sourcecode.swift; path = "NetURLSession+AsyncUpload.swift"; sourceTree = "<group>"; };
		817F748B1E7C0A680025B59D /* NetURLSession+SyncDownload.swift */ = {isa = PBXFileReference; fileEncoding = 4; lastKnownFileType = sourcecode.swift; path = "NetURLSession+SyncDownload.swift"; sourceTree = "<group>"; };
		817F748C1E7C0A680025B59D /* NetURLSession+SyncUpload.swift */ = {isa = PBXFileReference; fileEncoding = 4; lastKnownFileType = sourcecode.swift; path = "NetURLSession+SyncUpload.swift"; sourceTree = "<group>"; };
		817F748D1E7C0A680025B59D /* NetURLSession+AsyncStream.swift */ = {isa = PBXFileReference; fileEncoding = 4; lastKnownFileType = sourcecode.swift; path = "NetURLSession+AsyncStream.swift"; sourceTree = "<group>"; };
		818FC9261E82BF3200FEC5A3 /* Net.swift */ = {isa = PBXFileReference; fileEncoding = 4; lastKnownFileType = sourcecode.swift; path = Net.swift; sourceTree = "<group>"; };
		818FC92C1E82BFD800FEC5A3 /* NetError.swift */ = {isa = PBXFileReference; fileEncoding = 4; lastKnownFileType = sourcecode.swift; path = NetError.swift; sourceTree = "<group>"; };
		818FC9321E82C22000FEC5A3 /* NetResponse.swift */ = {isa = PBXFileReference; fileEncoding = 4; lastKnownFileType = sourcecode.swift; path = NetResponse.swift; sourceTree = "<group>"; };
		818FC9381E82C60B00FEC5A3 /* NetResponse+URLResponse.swift */ = {isa = PBXFileReference; fileEncoding = 4; lastKnownFileType = sourcecode.swift; path = "NetResponse+URLResponse.swift"; sourceTree = "<group>"; };
		81ACB7DC1E83C64F006D05DD /* NetRequest.swift */ = {isa = PBXFileReference; fileEncoding = 4; lastKnownFileType = sourcecode.swift; path = NetRequest.swift; sourceTree = "<group>"; };
		81ACB7E21E83D0C8006D05DD /* NetContentType.swift */ = {isa = PBXFileReference; fileEncoding = 4; lastKnownFileType = sourcecode.swift; path = NetContentType.swift; sourceTree = "<group>"; };
		81ACB7ED1E84075B006D05DD /* NetRequest+URLRequest.swift */ = {isa = PBXFileReference; fileEncoding = 4; lastKnownFileType = sourcecode.swift; path = "NetRequest+URLRequest.swift"; sourceTree = "<group>"; };
		81ACB7F21E843059006D05DD /* NetURLSession+AsyncString.swift */ = {isa = PBXFileReference; fileEncoding = 4; lastKnownFileType = sourcecode.swift; path = "NetURLSession+AsyncString.swift"; sourceTree = "<group>"; };
		81ACB7F31E843059006D05DD /* NetURLSession+SyncString.swift */ = {isa = PBXFileReference; fileEncoding = 4; lastKnownFileType = sourcecode.swift; path = "NetURLSession+SyncString.swift"; sourceTree = "<group>"; };
		81F043FF1E82C78000B6DC0E /* NetResponse+HTTPURLResponse.swift */ = {isa = PBXFileReference; fileEncoding = 4; lastKnownFileType = sourcecode.swift; path = "NetResponse+HTTPURLResponse.swift"; sourceTree = "<group>"; };
		D5A5216A1E7B342100406F0F /* Net.framework */ = {isa = PBXFileReference; explicitFileType = wrapper.framework; includeInIndex = 0; path = Net.framework; sourceTree = BUILT_PRODUCTS_DIR; };
		D5A521731E7B342100406F0F /* iOSTests.xctest */ = {isa = PBXFileReference; explicitFileType = wrapper.cfbundle; includeInIndex = 0; path = iOSTests.xctest; sourceTree = BUILT_PRODUCTS_DIR; };
		D5A521781E7B342100406F0F /* iOSTests.swift */ = {isa = PBXFileReference; lastKnownFileType = sourcecode.swift; path = iOSTests.swift; sourceTree = "<group>"; };
		D5A5217A1E7B342100406F0F /* Info.plist */ = {isa = PBXFileReference; lastKnownFileType = text.plist.xml; path = Info.plist; sourceTree = "<group>"; };
		D5A521871E7B342F00406F0F /* Net.framework */ = {isa = PBXFileReference; explicitFileType = wrapper.framework; includeInIndex = 0; path = Net.framework; sourceTree = BUILT_PRODUCTS_DIR; };
		D5A521941E7B343D00406F0F /* Net.framework */ = {isa = PBXFileReference; explicitFileType = wrapper.framework; includeInIndex = 0; path = Net.framework; sourceTree = BUILT_PRODUCTS_DIR; };
		D5A5219C1E7B343D00406F0F /* tvOSTests.xctest */ = {isa = PBXFileReference; explicitFileType = wrapper.cfbundle; includeInIndex = 0; path = tvOSTests.xctest; sourceTree = BUILT_PRODUCTS_DIR; };
		D5A521A11E7B343D00406F0F /* tvOSTests.swift */ = {isa = PBXFileReference; lastKnownFileType = sourcecode.swift; path = tvOSTests.swift; sourceTree = "<group>"; };
		D5A521A31E7B343D00406F0F /* Info.plist */ = {isa = PBXFileReference; lastKnownFileType = text.plist.xml; path = Info.plist; sourceTree = "<group>"; };
		D5A521B01E7B345000406F0F /* Net.framework */ = {isa = PBXFileReference; explicitFileType = wrapper.framework; includeInIndex = 0; path = Net.framework; sourceTree = BUILT_PRODUCTS_DIR; };
		D5A521B81E7B345000406F0F /* macOSTests.xctest */ = {isa = PBXFileReference; explicitFileType = wrapper.cfbundle; includeInIndex = 0; path = macOSTests.xctest; sourceTree = BUILT_PRODUCTS_DIR; };
		D5A521BD1E7B345000406F0F /* macOSTests.swift */ = {isa = PBXFileReference; lastKnownFileType = sourcecode.swift; path = macOSTests.swift; sourceTree = "<group>"; };
		D5A521BF1E7B345000406F0F /* Info.plist */ = {isa = PBXFileReference; lastKnownFileType = text.plist.xml; path = Info.plist; sourceTree = "<group>"; };
		D5A521CB1E7B348100406F0F /* Example.app */ = {isa = PBXFileReference; explicitFileType = wrapper.application; includeInIndex = 0; path = Example.app; sourceTree = BUILT_PRODUCTS_DIR; };
		D5A521CD1E7B348100406F0F /* AppDelegate.swift */ = {isa = PBXFileReference; lastKnownFileType = sourcecode.swift; path = AppDelegate.swift; sourceTree = "<group>"; };
		D5A521CF1E7B348100406F0F /* ViewController.swift */ = {isa = PBXFileReference; lastKnownFileType = sourcecode.swift; path = ViewController.swift; sourceTree = "<group>"; };
		D5A521D21E7B348100406F0F /* Base */ = {isa = PBXFileReference; lastKnownFileType = file.storyboard; name = Base; path = Base.lproj/Main.storyboard; sourceTree = "<group>"; };
		D5A521D41E7B348100406F0F /* Assets.xcassets */ = {isa = PBXFileReference; lastKnownFileType = folder.assetcatalog; path = Assets.xcassets; sourceTree = "<group>"; };
		D5A521D71E7B348100406F0F /* Base */ = {isa = PBXFileReference; lastKnownFileType = file.storyboard; name = Base; path = Base.lproj/LaunchScreen.storyboard; sourceTree = "<group>"; };
		D5A521D91E7B348100406F0F /* Info.plist */ = {isa = PBXFileReference; lastKnownFileType = text.plist.xml; path = Info.plist; sourceTree = "<group>"; };
		D5A521DE1E7B348100406F0F /* ExampleUITests.xctest */ = {isa = PBXFileReference; explicitFileType = wrapper.cfbundle; includeInIndex = 0; path = ExampleUITests.xctest; sourceTree = BUILT_PRODUCTS_DIR; };
		D5A521E21E7B348100406F0F /* ExampleUITests.swift */ = {isa = PBXFileReference; lastKnownFileType = sourcecode.swift; path = ExampleUITests.swift; sourceTree = "<group>"; };
		D5A521E41E7B348200406F0F /* Info.plist */ = {isa = PBXFileReference; lastKnownFileType = text.plist.xml; path = Info.plist; sourceTree = "<group>"; };
		D5A521EE1E7B351100406F0F /* Net.h */ = {isa = PBXFileReference; fileEncoding = 4; lastKnownFileType = sourcecode.c.h; path = Net.h; sourceTree = "<group>"; };
		D5A521F31E7B35B400406F0F /* Info.plist */ = {isa = PBXFileReference; fileEncoding = 4; lastKnownFileType = text.plist.xml; path = Info.plist; sourceTree = "<group>"; };
		D5A5220D1E7B5DBD00406F0F /* NetURLSession.swift */ = {isa = PBXFileReference; fileEncoding = 4; lastKnownFileType = sourcecode.swift; path = NetURLSession.swift; sourceTree = "<group>"; };
		D5A522121E7C3C8F00406F0F /* NetURLSessionDelegate.swift */ = {isa = PBXFileReference; fileEncoding = 4; lastKnownFileType = sourcecode.swift; path = NetURLSessionDelegate.swift; sourceTree = "<group>"; };
		D5A522181E7CC33900406F0F /* NetURLSessionTaskObserver.swift */ = {isa = PBXFileReference; fileEncoding = 4; lastKnownFileType = sourcecode.swift; path = NetURLSessionTaskObserver.swift; sourceTree = "<group>"; };
/* End PBXFileReference section */

/* Begin PBXFrameworksBuildPhase section */
		D5A521661E7B342100406F0F /* Frameworks */ = {
			isa = PBXFrameworksBuildPhase;
			buildActionMask = 2147483647;
			files = (
			);
			runOnlyForDeploymentPostprocessing = 0;
		};
		D5A521701E7B342100406F0F /* Frameworks */ = {
			isa = PBXFrameworksBuildPhase;
			buildActionMask = 2147483647;
			files = (
				D5A521741E7B342100406F0F /* Net.framework in Frameworks */,
			);
			runOnlyForDeploymentPostprocessing = 0;
		};
		D5A521831E7B342F00406F0F /* Frameworks */ = {
			isa = PBXFrameworksBuildPhase;
			buildActionMask = 2147483647;
			files = (
			);
			runOnlyForDeploymentPostprocessing = 0;
		};
		D5A521901E7B343D00406F0F /* Frameworks */ = {
			isa = PBXFrameworksBuildPhase;
			buildActionMask = 2147483647;
			files = (
			);
			runOnlyForDeploymentPostprocessing = 0;
		};
		D5A521991E7B343D00406F0F /* Frameworks */ = {
			isa = PBXFrameworksBuildPhase;
			buildActionMask = 2147483647;
			files = (
				D5A5219D1E7B343D00406F0F /* Net.framework in Frameworks */,
			);
			runOnlyForDeploymentPostprocessing = 0;
		};
		D5A521AC1E7B345000406F0F /* Frameworks */ = {
			isa = PBXFrameworksBuildPhase;
			buildActionMask = 2147483647;
			files = (
			);
			runOnlyForDeploymentPostprocessing = 0;
		};
		D5A521B51E7B345000406F0F /* Frameworks */ = {
			isa = PBXFrameworksBuildPhase;
			buildActionMask = 2147483647;
			files = (
				D5A521B91E7B345000406F0F /* Net.framework in Frameworks */,
			);
			runOnlyForDeploymentPostprocessing = 0;
		};
		D5A521C81E7B348100406F0F /* Frameworks */ = {
			isa = PBXFrameworksBuildPhase;
			buildActionMask = 2147483647;
			files = (
				D5A522021E7B3C8600406F0F /* Net.framework in Frameworks */,
			);
			runOnlyForDeploymentPostprocessing = 0;
		};
		D5A521DB1E7B348100406F0F /* Frameworks */ = {
			isa = PBXFrameworksBuildPhase;
			buildActionMask = 2147483647;
			files = (
			);
			runOnlyForDeploymentPostprocessing = 0;
		};
/* End PBXFrameworksBuildPhase section */

/* Begin PBXGroup section */
		D5A5215A1E7B33FF00406F0F = {
			isa = PBXGroup;
			children = (
				D5A521ED1E7B34BD00406F0F /* Core */,
				D5A521CC1E7B348100406F0F /* Example */,
				D5A521E11E7B348100406F0F /* ExampleUITests */,
				D5A5216C1E7B342100406F0F /* iOS */,
				D5A521771E7B342100406F0F /* iOSTests */,
				D5A521881E7B342F00406F0F /* watchOS */,
				D5A521951E7B343D00406F0F /* tvOS */,
				D5A521A01E7B343D00406F0F /* tvOSTests */,
				D5A521B11E7B345000406F0F /* macOS */,
				D5A521BC1E7B345000406F0F /* macOSTests */,
				D5A5216B1E7B342100406F0F /* Products */,
			);
			sourceTree = "<group>";
		};
		D5A5216B1E7B342100406F0F /* Products */ = {
			isa = PBXGroup;
			children = (
				D5A5216A1E7B342100406F0F /* Net.framework */,
				D5A521731E7B342100406F0F /* iOSTests.xctest */,
				D5A521871E7B342F00406F0F /* Net.framework */,
				D5A521941E7B343D00406F0F /* Net.framework */,
				D5A5219C1E7B343D00406F0F /* tvOSTests.xctest */,
				D5A521B01E7B345000406F0F /* Net.framework */,
				D5A521B81E7B345000406F0F /* macOSTests.xctest */,
				D5A521CB1E7B348100406F0F /* Example.app */,
				D5A521DE1E7B348100406F0F /* ExampleUITests.xctest */,
			);
			name = Products;
			sourceTree = "<group>";
		};
		D5A5216C1E7B342100406F0F /* iOS */ = {
			isa = PBXGroup;
			children = (
			);
			path = iOS;
			sourceTree = "<group>";
		};
		D5A521771E7B342100406F0F /* iOSTests */ = {
			isa = PBXGroup;
			children = (
				D5A521781E7B342100406F0F /* iOSTests.swift */,
				D5A5217A1E7B342100406F0F /* Info.plist */,
			);
			path = iOSTests;
			sourceTree = "<group>";
		};
		D5A521881E7B342F00406F0F /* watchOS */ = {
			isa = PBXGroup;
			children = (
			);
			path = watchOS;
			sourceTree = "<group>";
		};
		D5A521951E7B343D00406F0F /* tvOS */ = {
			isa = PBXGroup;
			children = (
			);
			path = tvOS;
			sourceTree = "<group>";
		};
		D5A521A01E7B343D00406F0F /* tvOSTests */ = {
			isa = PBXGroup;
			children = (
				D5A521A11E7B343D00406F0F /* tvOSTests.swift */,
				D5A521A31E7B343D00406F0F /* Info.plist */,
			);
			path = tvOSTests;
			sourceTree = "<group>";
		};
		D5A521B11E7B345000406F0F /* macOS */ = {
			isa = PBXGroup;
			children = (
			);
			path = macOS;
			sourceTree = "<group>";
		};
		D5A521BC1E7B345000406F0F /* macOSTests */ = {
			isa = PBXGroup;
			children = (
				D5A521BD1E7B345000406F0F /* macOSTests.swift */,
				D5A521BF1E7B345000406F0F /* Info.plist */,
			);
			path = macOSTests;
			sourceTree = "<group>";
		};
		D5A521CC1E7B348100406F0F /* Example */ = {
			isa = PBXGroup;
			children = (
				D5A521CD1E7B348100406F0F /* AppDelegate.swift */,
				D5A521CF1E7B348100406F0F /* ViewController.swift */,
				D5A521D11E7B348100406F0F /* Main.storyboard */,
				D5A521D41E7B348100406F0F /* Assets.xcassets */,
				D5A521D61E7B348100406F0F /* LaunchScreen.storyboard */,
				D5A521D91E7B348100406F0F /* Info.plist */,
			);
			path = Example;
			sourceTree = "<group>";
		};
		D5A521E11E7B348100406F0F /* ExampleUITests */ = {
			isa = PBXGroup;
			children = (
				D5A521E21E7B348100406F0F /* ExampleUITests.swift */,
				D5A521E41E7B348200406F0F /* Info.plist */,
			);
			path = ExampleUITests;
			sourceTree = "<group>";
		};
		D5A521ED1E7B34BD00406F0F /* Core */ = {
			isa = PBXGroup;
			children = (
				D5A521F31E7B35B400406F0F /* Info.plist */,
				D5A521EE1E7B351100406F0F /* Net.h */,
				818FC9261E82BF3200FEC5A3 /* Net.swift */,
				81ACB7DC1E83C64F006D05DD /* NetRequest.swift */,
				81ACB7ED1E84075B006D05DD /* NetRequest+URLRequest.swift */,
				81ACB7E21E83D0C8006D05DD /* NetContentType.swift */,
				818FC9321E82C22000FEC5A3 /* NetResponse.swift */,
				818FC9381E82C60B00FEC5A3 /* NetResponse+URLResponse.swift */,
				81F043FF1E82C78000B6DC0E /* NetResponse+HTTPURLResponse.swift */,
				818FC92C1E82BFD800FEC5A3 /* NetError.swift */,
				D5A5220D1E7B5DBD00406F0F /* NetURLSession.swift */,
				817F74771E7C00D10025B59D /* NetURLSession+AsyncData.swift */,
				817F74711E7BFFD40025B59D /* NetURLSession+SyncData.swift */,
				817F74831E7C01E10025B59D /* NetURLSession+AsyncJSON.swift */,
				817F747D1E7C015A0025B59D /* NetURLSession+SyncJSON.swift */,
				81ACB7F21E843059006D05DD /* NetURLSession+AsyncString.swift */,
				81ACB7F31E843059006D05DD /* NetURLSession+SyncString.swift */,
				817F74891E7C0A680025B59D /* NetURLSession+AsyncDownload.swift */,
				817F748B1E7C0A680025B59D /* NetURLSession+SyncDownload.swift */,
				817F748A1E7C0A680025B59D /* NetURLSession+AsyncUpload.swift */,
				817F748C1E7C0A680025B59D /* NetURLSession+SyncUpload.swift */,
				817F748D1E7C0A680025B59D /* NetURLSession+AsyncStream.swift */,
				D5A522121E7C3C8F00406F0F /* NetURLSessionDelegate.swift */,
				D5A522181E7CC33900406F0F /* NetURLSessionTaskObserver.swift */,
			);
			path = Core;
			sourceTree = "<group>";
		};
/* End PBXGroup section */

/* Begin PBXHeadersBuildPhase section */
		D5A521671E7B342100406F0F /* Headers */ = {
			isa = PBXHeadersBuildPhase;
			buildActionMask = 2147483647;
			files = (
				D5A521EF1E7B351100406F0F /* Net.h in Headers */,
			);
			runOnlyForDeploymentPostprocessing = 0;
		};
		D5A521841E7B342F00406F0F /* Headers */ = {
			isa = PBXHeadersBuildPhase;
			buildActionMask = 2147483647;
			files = (
				D5A521F01E7B351100406F0F /* Net.h in Headers */,
			);
			runOnlyForDeploymentPostprocessing = 0;
		};
		D5A521911E7B343D00406F0F /* Headers */ = {
			isa = PBXHeadersBuildPhase;
			buildActionMask = 2147483647;
			files = (
				D5A521F11E7B351100406F0F /* Net.h in Headers */,
			);
			runOnlyForDeploymentPostprocessing = 0;
		};
		D5A521AD1E7B345000406F0F /* Headers */ = {
			isa = PBXHeadersBuildPhase;
			buildActionMask = 2147483647;
			files = (
				D5A521F21E7B351100406F0F /* Net.h in Headers */,
			);
			runOnlyForDeploymentPostprocessing = 0;
		};
/* End PBXHeadersBuildPhase section */

/* Begin PBXNativeTarget section */
		D5A521691E7B342100406F0F /* iOS */ = {
			isa = PBXNativeTarget;
			buildConfigurationList = D5A5217C1E7B342100406F0F /* Build configuration list for PBXNativeTarget "iOS" */;
			buildPhases = (
				D5A521651E7B342100406F0F /* Sources */,
				D5A521661E7B342100406F0F /* Frameworks */,
				D5A521671E7B342100406F0F /* Headers */,
				D5A521681E7B342100406F0F /* Resources */,
			);
			buildRules = (
			);
			dependencies = (
				D5A521F51E7B3BC200406F0F /* PBXTargetDependency */,
			);
			name = iOS;
			productName = iOS;
			productReference = D5A5216A1E7B342100406F0F /* Net.framework */;
			productType = "com.apple.product-type.framework";
		};
		D5A521721E7B342100406F0F /* iOSTests */ = {
			isa = PBXNativeTarget;
			buildConfigurationList = D5A5217F1E7B342100406F0F /* Build configuration list for PBXNativeTarget "iOSTests" */;
			buildPhases = (
				D5A5216F1E7B342100406F0F /* Sources */,
				D5A521701E7B342100406F0F /* Frameworks */,
				D5A521711E7B342100406F0F /* Resources */,
			);
			buildRules = (
			);
			dependencies = (
				D5A521761E7B342100406F0F /* PBXTargetDependency */,
			);
			name = iOSTests;
			productName = iOSTests;
			productReference = D5A521731E7B342100406F0F /* iOSTests.xctest */;
			productType = "com.apple.product-type.bundle.unit-test";
		};
		D5A521861E7B342F00406F0F /* watchOS */ = {
			isa = PBXNativeTarget;
			buildConfigurationList = D5A5218C1E7B342F00406F0F /* Build configuration list for PBXNativeTarget "watchOS" */;
			buildPhases = (
				D5A521821E7B342F00406F0F /* Sources */,
				D5A521831E7B342F00406F0F /* Frameworks */,
				D5A521841E7B342F00406F0F /* Headers */,
				D5A521851E7B342F00406F0F /* Resources */,
			);
			buildRules = (
			);
			dependencies = (
				D5A521F71E7B3BE100406F0F /* PBXTargetDependency */,
			);
			name = watchOS;
			productName = watchOS;
			productReference = D5A521871E7B342F00406F0F /* Net.framework */;
			productType = "com.apple.product-type.framework";
		};
		D5A521931E7B343D00406F0F /* tvOS */ = {
			isa = PBXNativeTarget;
			buildConfigurationList = D5A521A51E7B343D00406F0F /* Build configuration list for PBXNativeTarget "tvOS" */;
			buildPhases = (
				D5A5218F1E7B343D00406F0F /* Sources */,
				D5A521901E7B343D00406F0F /* Frameworks */,
				D5A521911E7B343D00406F0F /* Headers */,
				D5A521921E7B343D00406F0F /* Resources */,
			);
			buildRules = (
			);
			dependencies = (
				D5A521F91E7B3BE700406F0F /* PBXTargetDependency */,
			);
			name = tvOS;
			productName = tvOS;
			productReference = D5A521941E7B343D00406F0F /* Net.framework */;
			productType = "com.apple.product-type.framework";
		};
		D5A5219B1E7B343D00406F0F /* tvOSTests */ = {
			isa = PBXNativeTarget;
			buildConfigurationList = D5A521A81E7B343D00406F0F /* Build configuration list for PBXNativeTarget "tvOSTests" */;
			buildPhases = (
				D5A521981E7B343D00406F0F /* Sources */,
				D5A521991E7B343D00406F0F /* Frameworks */,
				D5A5219A1E7B343D00406F0F /* Resources */,
			);
			buildRules = (
			);
			dependencies = (
				D5A5219F1E7B343D00406F0F /* PBXTargetDependency */,
			);
			name = tvOSTests;
			productName = tvOSTests;
			productReference = D5A5219C1E7B343D00406F0F /* tvOSTests.xctest */;
			productType = "com.apple.product-type.bundle.unit-test";
		};
		D5A521AF1E7B345000406F0F /* macOS */ = {
			isa = PBXNativeTarget;
			buildConfigurationList = D5A521C11E7B345000406F0F /* Build configuration list for PBXNativeTarget "macOS" */;
			buildPhases = (
				D5A521AB1E7B345000406F0F /* Sources */,
				D5A521AC1E7B345000406F0F /* Frameworks */,
				D5A521AD1E7B345000406F0F /* Headers */,
				D5A521AE1E7B345000406F0F /* Resources */,
			);
			buildRules = (
			);
			dependencies = (
				D5A521FB1E7B3BED00406F0F /* PBXTargetDependency */,
			);
			name = macOS;
			productName = macOS;
			productReference = D5A521B01E7B345000406F0F /* Net.framework */;
			productType = "com.apple.product-type.framework";
		};
		D5A521B71E7B345000406F0F /* macOSTests */ = {
			isa = PBXNativeTarget;
			buildConfigurationList = D5A521C41E7B345000406F0F /* Build configuration list for PBXNativeTarget "macOSTests" */;
			buildPhases = (
				D5A521B41E7B345000406F0F /* Sources */,
				D5A521B51E7B345000406F0F /* Frameworks */,
				D5A521B61E7B345000406F0F /* Resources */,
			);
			buildRules = (
			);
			dependencies = (
				D5A521BB1E7B345000406F0F /* PBXTargetDependency */,
			);
			name = macOSTests;
			productName = macOSTests;
			productReference = D5A521B81E7B345000406F0F /* macOSTests.xctest */;
			productType = "com.apple.product-type.bundle.unit-test";
		};
		D5A521CA1E7B348100406F0F /* Example */ = {
			isa = PBXNativeTarget;
			buildConfigurationList = D5A521E51E7B348200406F0F /* Build configuration list for PBXNativeTarget "Example" */;
			buildPhases = (
				D5A521C71E7B348100406F0F /* Sources */,
				D5A521C81E7B348100406F0F /* Frameworks */,
				D5A521C91E7B348100406F0F /* Resources */,
				D5A522061E7B3C8600406F0F /* Embed Frameworks */,
			);
			buildRules = (
			);
			dependencies = (
				D5A522051E7B3C8600406F0F /* PBXTargetDependency */,
			);
			name = Example;
			productName = Example;
			productReference = D5A521CB1E7B348100406F0F /* Example.app */;
			productType = "com.apple.product-type.application";
		};
		D5A521DD1E7B348100406F0F /* ExampleUITests */ = {
			isa = PBXNativeTarget;
			buildConfigurationList = D5A521E81E7B348200406F0F /* Build configuration list for PBXNativeTarget "ExampleUITests" */;
			buildPhases = (
				D5A521DA1E7B348100406F0F /* Sources */,
				D5A521DB1E7B348100406F0F /* Frameworks */,
				D5A521DC1E7B348100406F0F /* Resources */,
			);
			buildRules = (
			);
			dependencies = (
				D5A521E01E7B348100406F0F /* PBXTargetDependency */,
			);
			name = ExampleUITests;
			productName = ExampleUITests;
			productReference = D5A521DE1E7B348100406F0F /* ExampleUITests.xctest */;
			productType = "com.apple.product-type.bundle.ui-testing";
		};
/* End PBXNativeTarget section */

/* Begin PBXProject section */
		D5A5215B1E7B33FF00406F0F /* Project object */ = {
			isa = PBXProject;
			attributes = {
				LastSwiftUpdateCheck = 0820;
				LastUpgradeCheck = 0820;
				TargetAttributes = {
					D5A521611E7B340D00406F0F = {
						CreatedOnToolsVersion = 8.2.1;
						DevelopmentTeam = 3VW789WSMP;
						LastSwiftMigration = 0820;
						ProvisioningStyle = Automatic;
					};
					D5A521691E7B342100406F0F = {
						CreatedOnToolsVersion = 8.2.1;
						DevelopmentTeam = 3VW789WSMP;
						LastSwiftMigration = 0820;
						ProvisioningStyle = Automatic;
					};
					D5A521721E7B342100406F0F = {
						CreatedOnToolsVersion = 8.2.1;
						DevelopmentTeam = 3VW789WSMP;
						ProvisioningStyle = Automatic;
					};
					D5A521861E7B342F00406F0F = {
						CreatedOnToolsVersion = 8.2.1;
						DevelopmentTeam = 3VW789WSMP;
						ProvisioningStyle = Automatic;
					};
					D5A521931E7B343D00406F0F = {
						CreatedOnToolsVersion = 8.2.1;
						DevelopmentTeam = 3VW789WSMP;
						ProvisioningStyle = Automatic;
					};
					D5A5219B1E7B343D00406F0F = {
						CreatedOnToolsVersion = 8.2.1;
						DevelopmentTeam = 3VW789WSMP;
						ProvisioningStyle = Automatic;
					};
					D5A521AF1E7B345000406F0F = {
						CreatedOnToolsVersion = 8.2.1;
						DevelopmentTeam = 3VW789WSMP;
						ProvisioningStyle = Automatic;
					};
					D5A521B71E7B345000406F0F = {
						CreatedOnToolsVersion = 8.2.1;
						DevelopmentTeam = 3VW789WSMP;
						ProvisioningStyle = Automatic;
					};
					D5A521CA1E7B348100406F0F = {
						CreatedOnToolsVersion = 8.2.1;
						DevelopmentTeam = 3VW789WSMP;
						ProvisioningStyle = Automatic;
					};
					D5A521DD1E7B348100406F0F = {
						CreatedOnToolsVersion = 8.2.1;
						DevelopmentTeam = 3VW789WSMP;
						ProvisioningStyle = Automatic;
						TestTargetID = D5A521CA1E7B348100406F0F;
					};
				};
			};
			buildConfigurationList = D5A5215E1E7B33FF00406F0F /* Build configuration list for PBXProject "Net" */;
			compatibilityVersion = "Xcode 3.2";
			developmentRegion = English;
			hasScannedForEncodings = 0;
			knownRegions = (
				en,
				Base,
			);
			mainGroup = D5A5215A1E7B33FF00406F0F;
			productRefGroup = D5A5216B1E7B342100406F0F /* Products */;
			projectDirPath = "";
			projectRoot = "";
			targets = (
				D5A521CA1E7B348100406F0F /* Example */,
				D5A521DD1E7B348100406F0F /* ExampleUITests */,
				D5A521611E7B340D00406F0F /* Core */,
				D5A521691E7B342100406F0F /* iOS */,
				D5A521721E7B342100406F0F /* iOSTests */,
				D5A521861E7B342F00406F0F /* watchOS */,
				D5A521931E7B343D00406F0F /* tvOS */,
				D5A5219B1E7B343D00406F0F /* tvOSTests */,
				D5A521AF1E7B345000406F0F /* macOS */,
				D5A521B71E7B345000406F0F /* macOSTests */,
			);
		};
/* End PBXProject section */

/* Begin PBXResourcesBuildPhase section */
		D5A521681E7B342100406F0F /* Resources */ = {
			isa = PBXResourcesBuildPhase;
			buildActionMask = 2147483647;
			files = (
			);
			runOnlyForDeploymentPostprocessing = 0;
		};
		D5A521711E7B342100406F0F /* Resources */ = {
			isa = PBXResourcesBuildPhase;
			buildActionMask = 2147483647;
			files = (
			);
			runOnlyForDeploymentPostprocessing = 0;
		};
		D5A521851E7B342F00406F0F /* Resources */ = {
			isa = PBXResourcesBuildPhase;
			buildActionMask = 2147483647;
			files = (
			);
			runOnlyForDeploymentPostprocessing = 0;
		};
		D5A521921E7B343D00406F0F /* Resources */ = {
			isa = PBXResourcesBuildPhase;
			buildActionMask = 2147483647;
			files = (
			);
			runOnlyForDeploymentPostprocessing = 0;
		};
		D5A5219A1E7B343D00406F0F /* Resources */ = {
			isa = PBXResourcesBuildPhase;
			buildActionMask = 2147483647;
			files = (
			);
			runOnlyForDeploymentPostprocessing = 0;
		};
		D5A521AE1E7B345000406F0F /* Resources */ = {
			isa = PBXResourcesBuildPhase;
			buildActionMask = 2147483647;
			files = (
			);
			runOnlyForDeploymentPostprocessing = 0;
		};
		D5A521B61E7B345000406F0F /* Resources */ = {
			isa = PBXResourcesBuildPhase;
			buildActionMask = 2147483647;
			files = (
			);
			runOnlyForDeploymentPostprocessing = 0;
		};
		D5A521C91E7B348100406F0F /* Resources */ = {
			isa = PBXResourcesBuildPhase;
			buildActionMask = 2147483647;
			files = (
				D5A521D81E7B348100406F0F /* LaunchScreen.storyboard in Resources */,
				D5A521D51E7B348100406F0F /* Assets.xcassets in Resources */,
				D5A521D31E7B348100406F0F /* Main.storyboard in Resources */,
			);
			runOnlyForDeploymentPostprocessing = 0;
		};
		D5A521DC1E7B348100406F0F /* Resources */ = {
			isa = PBXResourcesBuildPhase;
			buildActionMask = 2147483647;
			files = (
			);
			runOnlyForDeploymentPostprocessing = 0;
		};
/* End PBXResourcesBuildPhase section */

/* Begin PBXSourcesBuildPhase section */
		D5A521651E7B342100406F0F /* Sources */ = {
			isa = PBXSourcesBuildPhase;
			buildActionMask = 2147483647;
			files = (
				817F74791E7C00FF0025B59D /* NetURLSession+AsyncData.swift in Sources */,
				81ACB7F41E84306B006D05DD /* NetURLSession+AsyncString.swift in Sources */,
				81ACB7F81E843074006D05DD /* NetURLSession+SyncString.swift in Sources */,
				817F74901E7C0A6F0025B59D /* NetURLSession+AsyncUpload.swift in Sources */,
				818FC9341E82C26200FEC5A3 /* NetResponse.swift in Sources */,
				818FC9281E82BF3B00FEC5A3 /* Net.swift in Sources */,
				817F74911E7C0A6F0025B59D /* NetURLSession+SyncDownload.swift in Sources */,
				81F044001E82C78000B6DC0E /* NetResponse+HTTPURLResponse.swift in Sources */,
				817F748F1E7C0A6F0025B59D /* NetURLSession+AsyncDownload.swift in Sources */,
				81ACB7E41E84020C006D05DD /* NetContentType.swift in Sources */,
				817F74731E7BFFDC0025B59D /* NetURLSession+SyncData.swift in Sources */,
				817F74931E7C0A6F0025B59D /* NetURLSession+AsyncStream.swift in Sources */,
				D5A5220E1E7B5DC400406F0F /* NetURLSession.swift in Sources */,
				D5A5221A1E7CC33F00406F0F /* NetURLSessionTaskObserver.swift in Sources */,
				817F747F1E7C01890025B59D /* NetURLSession+SyncJSON.swift in Sources */,
				818FC93A1E82C61100FEC5A3 /* NetResponse+URLResponse.swift in Sources */,
				818FC92E1E82BFDE00FEC5A3 /* NetError.swift in Sources */,
				817F74921E7C0A6F0025B59D /* NetURLSession+SyncUpload.swift in Sources */,
				D5A522141E7C3C9400406F0F /* NetURLSessionDelegate.swift in Sources */,
				81ACB7EE1E84075B006D05DD /* NetRequest+URLRequest.swift in Sources */,
				817F74851E7C01E50025B59D /* NetURLSession+AsyncJSON.swift in Sources */,
				81ACB7DE1E83C656006D05DD /* NetRequest.swift in Sources */,
			);
			runOnlyForDeploymentPostprocessing = 0;
		};
		D5A5216F1E7B342100406F0F /* Sources */ = {
			isa = PBXSourcesBuildPhase;
			buildActionMask = 2147483647;
			files = (
				D5A521791E7B342100406F0F /* iOSTests.swift in Sources */,
			);
			runOnlyForDeploymentPostprocessing = 0;
		};
		D5A521821E7B342F00406F0F /* Sources */ = {
			isa = PBXSourcesBuildPhase;
			buildActionMask = 2147483647;
			files = (
				817F747A1E7C01000025B59D /* NetURLSession+AsyncData.swift in Sources */,
				81ACB7F51E84306C006D05DD /* NetURLSession+AsyncString.swift in Sources */,
				81ACB7F91E843075006D05DD /* NetURLSession+SyncString.swift in Sources */,
				817F74961E7C0A700025B59D /* NetURLSession+AsyncUpload.swift in Sources */,
				818FC9351E82C26300FEC5A3 /* NetResponse.swift in Sources */,
				818FC9291E82BF3C00FEC5A3 /* Net.swift in Sources */,
				817F74971E7C0A700025B59D /* NetURLSession+SyncDownload.swift in Sources */,
				81F044011E82C78000B6DC0E /* NetResponse+HTTPURLResponse.swift in Sources */,
				817F74951E7C0A700025B59D /* NetURLSession+AsyncDownload.swift in Sources */,
				81ACB7E51E84020E006D05DD /* NetContentType.swift in Sources */,
				817F74741E7BFFDC0025B59D /* NetURLSession+SyncData.swift in Sources */,
				817F74991E7C0A700025B59D /* NetURLSession+AsyncStream.swift in Sources */,
				D5A5220F1E7B5DC500406F0F /* NetURLSession.swift in Sources */,
				D5A5221B1E7CC34100406F0F /* NetURLSessionTaskObserver.swift in Sources */,
				817F74801E7C018A0025B59D /* NetURLSession+SyncJSON.swift in Sources */,
				818FC93B1E82C61200FEC5A3 /* NetResponse+URLResponse.swift in Sources */,
				818FC92F1E82BFDF00FEC5A3 /* NetError.swift in Sources */,
				817F74981E7C0A700025B59D /* NetURLSession+SyncUpload.swift in Sources */,
				D5A522151E7C3C9500406F0F /* NetURLSessionDelegate.swift in Sources */,
				81ACB7EF1E84075B006D05DD /* NetRequest+URLRequest.swift in Sources */,
				817F74861E7C01E60025B59D /* NetURLSession+AsyncJSON.swift in Sources */,
				81ACB7DF1E83C657006D05DD /* NetRequest.swift in Sources */,
			);
			runOnlyForDeploymentPostprocessing = 0;
		};
		D5A5218F1E7B343D00406F0F /* Sources */ = {
			isa = PBXSourcesBuildPhase;
			buildActionMask = 2147483647;
			files = (
				817F747B1E7C01010025B59D /* NetURLSession+AsyncData.swift in Sources */,
				81ACB7F61E84306D006D05DD /* NetURLSession+AsyncString.swift in Sources */,
				81ACB7FA1E843075006D05DD /* NetURLSession+SyncString.swift in Sources */,
				817F749C1E7C0A710025B59D /* NetURLSession+AsyncUpload.swift in Sources */,
				818FC9361E82C26400FEC5A3 /* NetResponse.swift in Sources */,
				818FC92A1E82BF3D00FEC5A3 /* Net.swift in Sources */,
				817F749D1E7C0A710025B59D /* NetURLSession+SyncDownload.swift in Sources */,
				81F044021E82C78000B6DC0E /* NetResponse+HTTPURLResponse.swift in Sources */,
				817F749B1E7C0A710025B59D /* NetURLSession+AsyncDownload.swift in Sources */,
				81ACB7E61E84020E006D05DD /* NetContentType.swift in Sources */,
				817F74751E7BFFDD0025B59D /* NetURLSession+SyncData.swift in Sources */,
				817F749F1E7C0A710025B59D /* NetURLSession+AsyncStream.swift in Sources */,
				D5A522101E7B5DC600406F0F /* NetURLSession.swift in Sources */,
				D5A5221C1E7CC34100406F0F /* NetURLSessionTaskObserver.swift in Sources */,
				817F74811E7C018B0025B59D /* NetURLSession+SyncJSON.swift in Sources */,
				818FC93C1E82C61200FEC5A3 /* NetResponse+URLResponse.swift in Sources */,
				818FC9301E82BFE000FEC5A3 /* NetError.swift in Sources */,
				817F749E1E7C0A710025B59D /* NetURLSession+SyncUpload.swift in Sources */,
				D5A522161E7C3C9600406F0F /* NetURLSessionDelegate.swift in Sources */,
				81ACB7F01E84075B006D05DD /* NetRequest+URLRequest.swift in Sources */,
				817F74871E7C01E70025B59D /* NetURLSession+AsyncJSON.swift in Sources */,
				81ACB7E01E83C658006D05DD /* NetRequest.swift in Sources */,
			);
			runOnlyForDeploymentPostprocessing = 0;
		};
		D5A521981E7B343D00406F0F /* Sources */ = {
			isa = PBXSourcesBuildPhase;
			buildActionMask = 2147483647;
			files = (
				D5A521A21E7B343D00406F0F /* tvOSTests.swift in Sources */,
			);
			runOnlyForDeploymentPostprocessing = 0;
		};
		D5A521AB1E7B345000406F0F /* Sources */ = {
			isa = PBXSourcesBuildPhase;
			buildActionMask = 2147483647;
			files = (
				817F747C1E7C01020025B59D /* NetURLSession+AsyncData.swift in Sources */,
				81ACB7F71E84306E006D05DD /* NetURLSession+AsyncString.swift in Sources */,
				81ACB7FB1E843077006D05DD /* NetURLSession+SyncString.swift in Sources */,
				817F74A21E7C0A720025B59D /* NetURLSession+AsyncUpload.swift in Sources */,
				818FC9371E82C26400FEC5A3 /* NetResponse.swift in Sources */,
				818FC92B1E82BF3D00FEC5A3 /* Net.swift in Sources */,
				817F74A31E7C0A720025B59D /* NetURLSession+SyncDownload.swift in Sources */,
				81F044031E82C78000B6DC0E /* NetResponse+HTTPURLResponse.swift in Sources */,
				817F74A11E7C0A720025B59D /* NetURLSession+AsyncDownload.swift in Sources */,
				81ACB7E71E84020F006D05DD /* NetContentType.swift in Sources */,
				817F74761E7BFFDE0025B59D /* NetURLSession+SyncData.swift in Sources */,
				817F74A51E7C0A720025B59D /* NetURLSession+AsyncStream.swift in Sources */,
				D5A522111E7B5DC700406F0F /* NetURLSession.swift in Sources */,
				D5A5221D1E7CC34200406F0F /* NetURLSessionTaskObserver.swift in Sources */,
				817F74821E7C018C0025B59D /* NetURLSession+SyncJSON.swift in Sources */,
				818FC93D1E82C61300FEC5A3 /* NetResponse+URLResponse.swift in Sources */,
				818FC9311E82BFE100FEC5A3 /* NetError.swift in Sources */,
				817F74A41E7C0A720025B59D /* NetURLSession+SyncUpload.swift in Sources */,
				D5A522171E7C3C9600406F0F /* NetURLSessionDelegate.swift in Sources */,
				81ACB7F11E84075B006D05DD /* NetRequest+URLRequest.swift in Sources */,
				817F74881E7C01E80025B59D /* NetURLSession+AsyncJSON.swift in Sources */,
				81ACB7E11E83C659006D05DD /* NetRequest.swift in Sources */,
			);
			runOnlyForDeploymentPostprocessing = 0;
		};
		D5A521B41E7B345000406F0F /* Sources */ = {
			isa = PBXSourcesBuildPhase;
			buildActionMask = 2147483647;
			files = (
				D5A521BE1E7B345000406F0F /* macOSTests.swift in Sources */,
			);
			runOnlyForDeploymentPostprocessing = 0;
		};
		D5A521C71E7B348100406F0F /* Sources */ = {
			isa = PBXSourcesBuildPhase;
			buildActionMask = 2147483647;
			files = (
				D5A521D01E7B348100406F0F /* ViewController.swift in Sources */,
				D5A521CE1E7B348100406F0F /* AppDelegate.swift in Sources */,
			);
			runOnlyForDeploymentPostprocessing = 0;
		};
		D5A521DA1E7B348100406F0F /* Sources */ = {
			isa = PBXSourcesBuildPhase;
			buildActionMask = 2147483647;
			files = (
				D5A521E31E7B348100406F0F /* ExampleUITests.swift in Sources */,
			);
			runOnlyForDeploymentPostprocessing = 0;
		};
/* End PBXSourcesBuildPhase section */

/* Begin PBXTargetDependency section */
		D5A521761E7B342100406F0F /* PBXTargetDependency */ = {
			isa = PBXTargetDependency;
			target = D5A521691E7B342100406F0F /* iOS */;
			targetProxy = D5A521751E7B342100406F0F /* PBXContainerItemProxy */;
		};
		D5A5219F1E7B343D00406F0F /* PBXTargetDependency */ = {
			isa = PBXTargetDependency;
			target = D5A521931E7B343D00406F0F /* tvOS */;
			targetProxy = D5A5219E1E7B343D00406F0F /* PBXContainerItemProxy */;
		};
		D5A521BB1E7B345000406F0F /* PBXTargetDependency */ = {
			isa = PBXTargetDependency;
			target = D5A521AF1E7B345000406F0F /* macOS */;
			targetProxy = D5A521BA1E7B345000406F0F /* PBXContainerItemProxy */;
		};
		D5A521E01E7B348100406F0F /* PBXTargetDependency */ = {
			isa = PBXTargetDependency;
			target = D5A521CA1E7B348100406F0F /* Example */;
			targetProxy = D5A521DF1E7B348100406F0F /* PBXContainerItemProxy */;
		};
		D5A521F51E7B3BC200406F0F /* PBXTargetDependency */ = {
			isa = PBXTargetDependency;
			target = D5A521611E7B340D00406F0F /* Core */;
			targetProxy = D5A521F41E7B3BC200406F0F /* PBXContainerItemProxy */;
		};
		D5A521F71E7B3BE100406F0F /* PBXTargetDependency */ = {
			isa = PBXTargetDependency;
			target = D5A521611E7B340D00406F0F /* Core */;
			targetProxy = D5A521F61E7B3BE100406F0F /* PBXContainerItemProxy */;
		};
		D5A521F91E7B3BE700406F0F /* PBXTargetDependency */ = {
			isa = PBXTargetDependency;
			target = D5A521611E7B340D00406F0F /* Core */;
			targetProxy = D5A521F81E7B3BE700406F0F /* PBXContainerItemProxy */;
		};
		D5A521FB1E7B3BED00406F0F /* PBXTargetDependency */ = {
			isa = PBXTargetDependency;
			target = D5A521611E7B340D00406F0F /* Core */;
			targetProxy = D5A521FA1E7B3BED00406F0F /* PBXContainerItemProxy */;
		};
		D5A522051E7B3C8600406F0F /* PBXTargetDependency */ = {
			isa = PBXTargetDependency;
			target = D5A521691E7B342100406F0F /* iOS */;
			targetProxy = D5A522041E7B3C8600406F0F /* PBXContainerItemProxy */;
		};
/* End PBXTargetDependency section */

/* Begin PBXVariantGroup section */
		D5A521D11E7B348100406F0F /* Main.storyboard */ = {
			isa = PBXVariantGroup;
			children = (
				D5A521D21E7B348100406F0F /* Base */,
			);
			name = Main.storyboard;
			sourceTree = "<group>";
		};
		D5A521D61E7B348100406F0F /* LaunchScreen.storyboard */ = {
			isa = PBXVariantGroup;
			children = (
				D5A521D71E7B348100406F0F /* Base */,
			);
			name = LaunchScreen.storyboard;
			sourceTree = "<group>";
		};
/* End PBXVariantGroup section */

/* Begin XCBuildConfiguration section */
		D5A5215F1E7B33FF00406F0F /* Debug */ = {
			isa = XCBuildConfiguration;
			buildSettings = {
				CLANG_CXX_LANGUAGE_STANDARD = "gnu++0x";
				CLANG_CXX_LIBRARY = "libc++";
				CLANG_ENABLE_MODULES = YES;
				CLANG_ENABLE_OBJC_ARC = YES;
				CURRENT_PROJECT_VERSION = "$(DYLIB_CURRENT_VERSION)";
				DEVELOPMENT_TEAM = 3VW789WSMP;
				DYLIB_COMPATIBILITY_VERSION = 0.1.0;
				DYLIB_CURRENT_VERSION = 0.1.0;
				GCC_C_LANGUAGE_STANDARD = gnu99;
				INFOPLIST_FILE = Core/Info.plist;
				IPHONEOS_DEPLOYMENT_TARGET = 8.0;
				MACOSX_DEPLOYMENT_TARGET = 10.9;
				MODULE_VERSION = "$(DYLIB_CURRENT_VERSION)";
				PRODUCT_BUNDLE_IDENTIFIER = com.intelygenz.Net;
				PRODUCT_NAME = Net;
				SWIFT_VERSION = 3.0;
				TVOS_DEPLOYMENT_TARGET = 9.0;
				VERSIONING_SYSTEM = "apple-generic";
				VERSION_INFO_BUILDER = Intelygenz;
				WATCHOS_DEPLOYMENT_TARGET = 2.0;
			};
			name = Debug;
		};
		D5A521601E7B33FF00406F0F /* Release */ = {
			isa = XCBuildConfiguration;
			buildSettings = {
				CLANG_CXX_LANGUAGE_STANDARD = "gnu++0x";
				CLANG_CXX_LIBRARY = "libc++";
				CLANG_ENABLE_MODULES = YES;
				CLANG_ENABLE_OBJC_ARC = YES;
				CURRENT_PROJECT_VERSION = "$(DYLIB_CURRENT_VERSION)";
				DEVELOPMENT_TEAM = 3VW789WSMP;
				DYLIB_COMPATIBILITY_VERSION = 0.1.0;
				DYLIB_CURRENT_VERSION = 0.1.0;
				GCC_C_LANGUAGE_STANDARD = gnu99;
				INFOPLIST_FILE = Core/Info.plist;
				IPHONEOS_DEPLOYMENT_TARGET = 8.0;
				MACOSX_DEPLOYMENT_TARGET = 10.9;
				MODULE_VERSION = "$(DYLIB_CURRENT_VERSION)";
				PRODUCT_BUNDLE_IDENTIFIER = com.intelygenz.Net;
				PRODUCT_NAME = Net;
				SWIFT_VERSION = 3.0;
				TVOS_DEPLOYMENT_TARGET = 9.0;
				VERSIONING_SYSTEM = "apple-generic";
				VERSION_INFO_BUILDER = Intelygenz;
				WATCHOS_DEPLOYMENT_TARGET = 2.0;
			};
			name = Release;
		};
		D5A521631E7B340D00406F0F /* Debug */ = {
			isa = XCBuildConfiguration;
			buildSettings = {
				CLANG_ENABLE_MODULES = YES;
				DEFINES_MODULE = YES;
				LD_RUNPATH_SEARCH_PATHS = "$(inherited) @executable_path/../Frameworks @loader_path/../Frameworks";
				PRODUCT_NAME = "$(TARGET_NAME)";
				SWIFT_VERSION = 3.0;
			};
			name = Debug;
		};
		D5A521641E7B340D00406F0F /* Release */ = {
			isa = XCBuildConfiguration;
			buildSettings = {
				CLANG_ENABLE_MODULES = YES;
				DEFINES_MODULE = YES;
				LD_RUNPATH_SEARCH_PATHS = "$(inherited) @executable_path/../Frameworks @loader_path/../Frameworks";
				PRODUCT_NAME = "$(TARGET_NAME)";
				SWIFT_VERSION = 3.0;
			};
			name = Release;
		};
		D5A5217D1E7B342100406F0F /* Debug */ = {
			isa = XCBuildConfiguration;
			buildSettings = {
				ALWAYS_SEARCH_USER_PATHS = NO;
				APPLICATION_EXTENSION_API_ONLY = YES;
				CLANG_ANALYZER_NONNULL = YES;
				CLANG_ENABLE_MODULES = YES;
				CLANG_WARN_BOOL_CONVERSION = YES;
				CLANG_WARN_CONSTANT_CONVERSION = YES;
				CLANG_WARN_DIRECT_OBJC_ISA_USAGE = YES_ERROR;
				CLANG_WARN_DOCUMENTATION_COMMENTS = YES;
				CLANG_WARN_EMPTY_BODY = YES;
				CLANG_WARN_ENUM_CONVERSION = YES;
				CLANG_WARN_INFINITE_RECURSION = YES;
				CLANG_WARN_INT_CONVERSION = YES;
				CLANG_WARN_OBJC_ROOT_CLASS = YES_ERROR;
				CLANG_WARN_SUSPICIOUS_MOVE = YES;
				CLANG_WARN_UNREACHABLE_CODE = YES;
				CLANG_WARN__DUPLICATE_METHOD_MATCH = YES;
				CODE_SIGN_IDENTITY = "iPhone Developer";
				COPY_PHASE_STRIP = NO;
				DEBUG_INFORMATION_FORMAT = dwarf;
				DEFINES_MODULE = YES;
				DYLIB_INSTALL_NAME_BASE = "@rpath";
				ENABLE_STRICT_OBJC_MSGSEND = YES;
				ENABLE_TESTABILITY = YES;
				GCC_DYNAMIC_NO_PIC = NO;
				GCC_NO_COMMON_BLOCKS = YES;
				GCC_OPTIMIZATION_LEVEL = 0;
				GCC_PREPROCESSOR_DEFINITIONS = (
					"DEBUG=1",
					"$(inherited)",
				);
				GCC_WARN_64_TO_32_BIT_CONVERSION = YES;
				GCC_WARN_ABOUT_RETURN_TYPE = YES_ERROR;
				GCC_WARN_UNDECLARED_SELECTOR = YES;
				GCC_WARN_UNINITIALIZED_AUTOS = YES_AGGRESSIVE;
				GCC_WARN_UNUSED_FUNCTION = YES;
				GCC_WARN_UNUSED_VARIABLE = YES;
				INSTALL_PATH = "$(LOCAL_LIBRARY_DIR)/Frameworks";
				LD_RUNPATH_SEARCH_PATHS = "$(inherited) @executable_path/Frameworks @loader_path/Frameworks";
				MTL_ENABLE_DEBUG_INFO = YES;
				ONLY_ACTIVE_ARCH = YES;
				SDKROOT = iphoneos;
				SKIP_INSTALL = YES;
				SWIFT_ACTIVE_COMPILATION_CONDITIONS = DEBUG;
				SWIFT_OPTIMIZATION_LEVEL = "-Onone";
				SWIFT_VERSION = 3.0;
				TARGETED_DEVICE_FAMILY = "1,2";
			};
			name = Debug;
		};
		D5A5217E1E7B342100406F0F /* Release */ = {
			isa = XCBuildConfiguration;
			buildSettings = {
				ALWAYS_SEARCH_USER_PATHS = NO;
				APPLICATION_EXTENSION_API_ONLY = YES;
				CLANG_ANALYZER_NONNULL = YES;
				CLANG_ENABLE_MODULES = YES;
				CLANG_WARN_BOOL_CONVERSION = YES;
				CLANG_WARN_CONSTANT_CONVERSION = YES;
				CLANG_WARN_DIRECT_OBJC_ISA_USAGE = YES_ERROR;
				CLANG_WARN_DOCUMENTATION_COMMENTS = YES;
				CLANG_WARN_EMPTY_BODY = YES;
				CLANG_WARN_ENUM_CONVERSION = YES;
				CLANG_WARN_INFINITE_RECURSION = YES;
				CLANG_WARN_INT_CONVERSION = YES;
				CLANG_WARN_OBJC_ROOT_CLASS = YES_ERROR;
				CLANG_WARN_SUSPICIOUS_MOVE = YES;
				CLANG_WARN_UNREACHABLE_CODE = YES;
				CLANG_WARN__DUPLICATE_METHOD_MATCH = YES;
				CODE_SIGN_IDENTITY = "iPhone Distribution";
				COPY_PHASE_STRIP = NO;
				DEBUG_INFORMATION_FORMAT = "dwarf-with-dsym";
				DEFINES_MODULE = YES;
				DYLIB_INSTALL_NAME_BASE = "@rpath";
				ENABLE_NS_ASSERTIONS = NO;
				ENABLE_STRICT_OBJC_MSGSEND = YES;
				GCC_NO_COMMON_BLOCKS = YES;
				GCC_WARN_64_TO_32_BIT_CONVERSION = YES;
				GCC_WARN_ABOUT_RETURN_TYPE = YES_ERROR;
				GCC_WARN_UNDECLARED_SELECTOR = YES;
				GCC_WARN_UNINITIALIZED_AUTOS = YES_AGGRESSIVE;
				GCC_WARN_UNUSED_FUNCTION = YES;
				GCC_WARN_UNUSED_VARIABLE = YES;
				INSTALL_PATH = "$(LOCAL_LIBRARY_DIR)/Frameworks";
				LD_RUNPATH_SEARCH_PATHS = "$(inherited) @executable_path/Frameworks @loader_path/Frameworks";
				MTL_ENABLE_DEBUG_INFO = NO;
				SDKROOT = iphoneos;
				SKIP_INSTALL = YES;
				SWIFT_OPTIMIZATION_LEVEL = "-Owholemodule";
				SWIFT_VERSION = 3.0;
				TARGETED_DEVICE_FAMILY = "1,2";
				VALIDATE_PRODUCT = YES;
			};
			name = Release;
		};
		D5A521801E7B342100406F0F /* Debug */ = {
			isa = XCBuildConfiguration;
			buildSettings = {
				ALWAYS_EMBED_SWIFT_STANDARD_LIBRARIES = YES;
				ALWAYS_SEARCH_USER_PATHS = NO;
				CLANG_ANALYZER_NONNULL = YES;
				CLANG_WARN_BOOL_CONVERSION = YES;
				CLANG_WARN_CONSTANT_CONVERSION = YES;
				CLANG_WARN_DIRECT_OBJC_ISA_USAGE = YES_ERROR;
				CLANG_WARN_DOCUMENTATION_COMMENTS = YES;
				CLANG_WARN_EMPTY_BODY = YES;
				CLANG_WARN_ENUM_CONVERSION = YES;
				CLANG_WARN_INFINITE_RECURSION = YES;
				CLANG_WARN_INT_CONVERSION = YES;
				CLANG_WARN_OBJC_ROOT_CLASS = YES_ERROR;
				CLANG_WARN_SUSPICIOUS_MOVE = YES;
				CLANG_WARN_UNREACHABLE_CODE = YES;
				CLANG_WARN__DUPLICATE_METHOD_MATCH = YES;
				CODE_SIGN_IDENTITY = "iPhone Developer";
				COPY_PHASE_STRIP = NO;
				DEBUG_INFORMATION_FORMAT = dwarf;
				ENABLE_STRICT_OBJC_MSGSEND = YES;
				ENABLE_TESTABILITY = YES;
				GCC_DYNAMIC_NO_PIC = NO;
				GCC_NO_COMMON_BLOCKS = YES;
				GCC_OPTIMIZATION_LEVEL = 0;
				GCC_PREPROCESSOR_DEFINITIONS = (
					"DEBUG=1",
					"$(inherited)",
				);
				GCC_WARN_64_TO_32_BIT_CONVERSION = YES;
				GCC_WARN_ABOUT_RETURN_TYPE = YES_ERROR;
				GCC_WARN_UNDECLARED_SELECTOR = YES;
				GCC_WARN_UNINITIALIZED_AUTOS = YES_AGGRESSIVE;
				GCC_WARN_UNUSED_FUNCTION = YES;
				GCC_WARN_UNUSED_VARIABLE = YES;
				INFOPLIST_FILE = iOSTests/Info.plist;
				LD_RUNPATH_SEARCH_PATHS = "$(inherited) @executable_path/Frameworks @loader_path/Frameworks";
				MTL_ENABLE_DEBUG_INFO = YES;
				ONLY_ACTIVE_ARCH = YES;
				PRODUCT_BUNDLE_IDENTIFIER = com.intelygenz.iOSTests;
				PRODUCT_NAME = "$(TARGET_NAME)";
				SDKROOT = iphoneos;
				SWIFT_ACTIVE_COMPILATION_CONDITIONS = DEBUG;
				SWIFT_OPTIMIZATION_LEVEL = "-Onone";
			};
			name = Debug;
		};
		D5A521811E7B342100406F0F /* Release */ = {
			isa = XCBuildConfiguration;
			buildSettings = {
				ALWAYS_EMBED_SWIFT_STANDARD_LIBRARIES = YES;
				ALWAYS_SEARCH_USER_PATHS = NO;
				CLANG_ANALYZER_NONNULL = YES;
				CLANG_WARN_BOOL_CONVERSION = YES;
				CLANG_WARN_CONSTANT_CONVERSION = YES;
				CLANG_WARN_DIRECT_OBJC_ISA_USAGE = YES_ERROR;
				CLANG_WARN_DOCUMENTATION_COMMENTS = YES;
				CLANG_WARN_EMPTY_BODY = YES;
				CLANG_WARN_ENUM_CONVERSION = YES;
				CLANG_WARN_INFINITE_RECURSION = YES;
				CLANG_WARN_INT_CONVERSION = YES;
				CLANG_WARN_OBJC_ROOT_CLASS = YES_ERROR;
				CLANG_WARN_SUSPICIOUS_MOVE = YES;
				CLANG_WARN_UNREACHABLE_CODE = YES;
				CLANG_WARN__DUPLICATE_METHOD_MATCH = YES;
				CODE_SIGN_IDENTITY = "iPhone Distribution";
				COPY_PHASE_STRIP = NO;
				DEBUG_INFORMATION_FORMAT = "dwarf-with-dsym";
				ENABLE_NS_ASSERTIONS = NO;
				ENABLE_STRICT_OBJC_MSGSEND = YES;
				GCC_NO_COMMON_BLOCKS = YES;
				GCC_WARN_64_TO_32_BIT_CONVERSION = YES;
				GCC_WARN_ABOUT_RETURN_TYPE = YES_ERROR;
				GCC_WARN_UNDECLARED_SELECTOR = YES;
				GCC_WARN_UNINITIALIZED_AUTOS = YES_AGGRESSIVE;
				GCC_WARN_UNUSED_FUNCTION = YES;
				GCC_WARN_UNUSED_VARIABLE = YES;
				INFOPLIST_FILE = iOSTests/Info.plist;
				LD_RUNPATH_SEARCH_PATHS = "$(inherited) @executable_path/Frameworks @loader_path/Frameworks";
				MTL_ENABLE_DEBUG_INFO = NO;
				PRODUCT_BUNDLE_IDENTIFIER = com.intelygenz.iOSTests;
				PRODUCT_NAME = "$(TARGET_NAME)";
				SDKROOT = iphoneos;
				SWIFT_OPTIMIZATION_LEVEL = "-Owholemodule";
				VALIDATE_PRODUCT = YES;
			};
			name = Release;
		};
		D5A5218D1E7B342F00406F0F /* Debug */ = {
			isa = XCBuildConfiguration;
			buildSettings = {
				ALWAYS_SEARCH_USER_PATHS = NO;
				APPLICATION_EXTENSION_API_ONLY = YES;
				CLANG_ANALYZER_NONNULL = YES;
				CLANG_WARN_BOOL_CONVERSION = YES;
				CLANG_WARN_CONSTANT_CONVERSION = YES;
				CLANG_WARN_DIRECT_OBJC_ISA_USAGE = YES_ERROR;
				CLANG_WARN_DOCUMENTATION_COMMENTS = YES;
				CLANG_WARN_EMPTY_BODY = YES;
				CLANG_WARN_ENUM_CONVERSION = YES;
				CLANG_WARN_INFINITE_RECURSION = YES;
				CLANG_WARN_INT_CONVERSION = YES;
				CLANG_WARN_OBJC_ROOT_CLASS = YES_ERROR;
				CLANG_WARN_SUSPICIOUS_MOVE = YES;
				CLANG_WARN_UNREACHABLE_CODE = YES;
				CLANG_WARN__DUPLICATE_METHOD_MATCH = YES;
				COPY_PHASE_STRIP = NO;
				DEBUG_INFORMATION_FORMAT = dwarf;
				DEFINES_MODULE = YES;
				DYLIB_INSTALL_NAME_BASE = "@rpath";
				ENABLE_STRICT_OBJC_MSGSEND = YES;
				ENABLE_TESTABILITY = YES;
				GCC_DYNAMIC_NO_PIC = NO;
				GCC_NO_COMMON_BLOCKS = YES;
				GCC_OPTIMIZATION_LEVEL = 0;
				GCC_PREPROCESSOR_DEFINITIONS = (
					"DEBUG=1",
					"$(inherited)",
				);
				GCC_WARN_64_TO_32_BIT_CONVERSION = YES;
				GCC_WARN_ABOUT_RETURN_TYPE = YES_ERROR;
				GCC_WARN_UNDECLARED_SELECTOR = YES;
				GCC_WARN_UNINITIALIZED_AUTOS = YES_AGGRESSIVE;
				GCC_WARN_UNUSED_FUNCTION = YES;
				GCC_WARN_UNUSED_VARIABLE = YES;
				INSTALL_PATH = "$(LOCAL_LIBRARY_DIR)/Frameworks";
				LD_RUNPATH_SEARCH_PATHS = "$(inherited) @executable_path/Frameworks @loader_path/Frameworks";
				MTL_ENABLE_DEBUG_INFO = YES;
				ONLY_ACTIVE_ARCH = YES;
				SDKROOT = watchos;
				SKIP_INSTALL = YES;
				SWIFT_ACTIVE_COMPILATION_CONDITIONS = DEBUG;
				SWIFT_OPTIMIZATION_LEVEL = "-Onone";
				SWIFT_VERSION = 3.0;
				TARGETED_DEVICE_FAMILY = 4;
			};
			name = Debug;
		};
		D5A5218E1E7B342F00406F0F /* Release */ = {
			isa = XCBuildConfiguration;
			buildSettings = {
				ALWAYS_SEARCH_USER_PATHS = NO;
				APPLICATION_EXTENSION_API_ONLY = YES;
				CLANG_ANALYZER_NONNULL = YES;
				CLANG_WARN_BOOL_CONVERSION = YES;
				CLANG_WARN_CONSTANT_CONVERSION = YES;
				CLANG_WARN_DIRECT_OBJC_ISA_USAGE = YES_ERROR;
				CLANG_WARN_DOCUMENTATION_COMMENTS = YES;
				CLANG_WARN_EMPTY_BODY = YES;
				CLANG_WARN_ENUM_CONVERSION = YES;
				CLANG_WARN_INFINITE_RECURSION = YES;
				CLANG_WARN_INT_CONVERSION = YES;
				CLANG_WARN_OBJC_ROOT_CLASS = YES_ERROR;
				CLANG_WARN_SUSPICIOUS_MOVE = YES;
				CLANG_WARN_UNREACHABLE_CODE = YES;
				CLANG_WARN__DUPLICATE_METHOD_MATCH = YES;
				CODE_SIGN_IDENTITY = "iPhone Distribution";
				COPY_PHASE_STRIP = NO;
				DEBUG_INFORMATION_FORMAT = "dwarf-with-dsym";
				DEFINES_MODULE = YES;
				DYLIB_INSTALL_NAME_BASE = "@rpath";
				ENABLE_NS_ASSERTIONS = NO;
				ENABLE_STRICT_OBJC_MSGSEND = YES;
				GCC_NO_COMMON_BLOCKS = YES;
				GCC_WARN_64_TO_32_BIT_CONVERSION = YES;
				GCC_WARN_ABOUT_RETURN_TYPE = YES_ERROR;
				GCC_WARN_UNDECLARED_SELECTOR = YES;
				GCC_WARN_UNINITIALIZED_AUTOS = YES_AGGRESSIVE;
				GCC_WARN_UNUSED_FUNCTION = YES;
				GCC_WARN_UNUSED_VARIABLE = YES;
				INSTALL_PATH = "$(LOCAL_LIBRARY_DIR)/Frameworks";
				LD_RUNPATH_SEARCH_PATHS = "$(inherited) @executable_path/Frameworks @loader_path/Frameworks";
				MTL_ENABLE_DEBUG_INFO = NO;
				SDKROOT = watchos;
				SKIP_INSTALL = YES;
				SWIFT_OPTIMIZATION_LEVEL = "-Owholemodule";
				SWIFT_VERSION = 3.0;
				TARGETED_DEVICE_FAMILY = 4;
				VALIDATE_PRODUCT = YES;
			};
			name = Release;
		};
		D5A521A61E7B343D00406F0F /* Debug */ = {
			isa = XCBuildConfiguration;
			buildSettings = {
				ALWAYS_SEARCH_USER_PATHS = NO;
				APPLICATION_EXTENSION_API_ONLY = YES;
				CLANG_ANALYZER_NONNULL = YES;
				CLANG_WARN_BOOL_CONVERSION = YES;
				CLANG_WARN_CONSTANT_CONVERSION = YES;
				CLANG_WARN_DIRECT_OBJC_ISA_USAGE = YES_ERROR;
				CLANG_WARN_DOCUMENTATION_COMMENTS = YES;
				CLANG_WARN_EMPTY_BODY = YES;
				CLANG_WARN_ENUM_CONVERSION = YES;
				CLANG_WARN_INFINITE_RECURSION = YES;
				CLANG_WARN_INT_CONVERSION = YES;
				CLANG_WARN_OBJC_ROOT_CLASS = YES_ERROR;
				CLANG_WARN_SUSPICIOUS_MOVE = YES;
				CLANG_WARN_UNREACHABLE_CODE = YES;
				CLANG_WARN__DUPLICATE_METHOD_MATCH = YES;
				COPY_PHASE_STRIP = NO;
				DEBUG_INFORMATION_FORMAT = dwarf;
				DEFINES_MODULE = YES;
				DYLIB_INSTALL_NAME_BASE = "@rpath";
				ENABLE_STRICT_OBJC_MSGSEND = YES;
				ENABLE_TESTABILITY = YES;
				GCC_DYNAMIC_NO_PIC = NO;
				GCC_NO_COMMON_BLOCKS = YES;
				GCC_OPTIMIZATION_LEVEL = 0;
				GCC_PREPROCESSOR_DEFINITIONS = (
					"DEBUG=1",
					"$(inherited)",
				);
				GCC_WARN_64_TO_32_BIT_CONVERSION = YES;
				GCC_WARN_ABOUT_RETURN_TYPE = YES_ERROR;
				GCC_WARN_UNDECLARED_SELECTOR = YES;
				GCC_WARN_UNINITIALIZED_AUTOS = YES_AGGRESSIVE;
				GCC_WARN_UNUSED_FUNCTION = YES;
				GCC_WARN_UNUSED_VARIABLE = YES;
				INSTALL_PATH = "$(LOCAL_LIBRARY_DIR)/Frameworks";
				LD_RUNPATH_SEARCH_PATHS = "$(inherited) @executable_path/Frameworks @loader_path/Frameworks";
				MTL_ENABLE_DEBUG_INFO = YES;
				ONLY_ACTIVE_ARCH = YES;
				SDKROOT = appletvos;
				SKIP_INSTALL = YES;
				SWIFT_ACTIVE_COMPILATION_CONDITIONS = DEBUG;
				SWIFT_OPTIMIZATION_LEVEL = "-Onone";
				SWIFT_VERSION = 3.0;
				TARGETED_DEVICE_FAMILY = 3;
			};
			name = Debug;
		};
		D5A521A71E7B343D00406F0F /* Release */ = {
			isa = XCBuildConfiguration;
			buildSettings = {
				ALWAYS_SEARCH_USER_PATHS = NO;
				APPLICATION_EXTENSION_API_ONLY = YES;
				CLANG_ANALYZER_NONNULL = YES;
				CLANG_WARN_BOOL_CONVERSION = YES;
				CLANG_WARN_CONSTANT_CONVERSION = YES;
				CLANG_WARN_DIRECT_OBJC_ISA_USAGE = YES_ERROR;
				CLANG_WARN_DOCUMENTATION_COMMENTS = YES;
				CLANG_WARN_EMPTY_BODY = YES;
				CLANG_WARN_ENUM_CONVERSION = YES;
				CLANG_WARN_INFINITE_RECURSION = YES;
				CLANG_WARN_INT_CONVERSION = YES;
				CLANG_WARN_OBJC_ROOT_CLASS = YES_ERROR;
				CLANG_WARN_SUSPICIOUS_MOVE = YES;
				CLANG_WARN_UNREACHABLE_CODE = YES;
				CLANG_WARN__DUPLICATE_METHOD_MATCH = YES;
				CODE_SIGN_IDENTITY = "iPhone Distribution";
				COPY_PHASE_STRIP = NO;
				DEBUG_INFORMATION_FORMAT = "dwarf-with-dsym";
				DEFINES_MODULE = YES;
				DYLIB_INSTALL_NAME_BASE = "@rpath";
				ENABLE_NS_ASSERTIONS = NO;
				ENABLE_STRICT_OBJC_MSGSEND = YES;
				GCC_NO_COMMON_BLOCKS = YES;
				GCC_WARN_64_TO_32_BIT_CONVERSION = YES;
				GCC_WARN_ABOUT_RETURN_TYPE = YES_ERROR;
				GCC_WARN_UNDECLARED_SELECTOR = YES;
				GCC_WARN_UNINITIALIZED_AUTOS = YES_AGGRESSIVE;
				GCC_WARN_UNUSED_FUNCTION = YES;
				GCC_WARN_UNUSED_VARIABLE = YES;
				INSTALL_PATH = "$(LOCAL_LIBRARY_DIR)/Frameworks";
				LD_RUNPATH_SEARCH_PATHS = "$(inherited) @executable_path/Frameworks @loader_path/Frameworks";
				MTL_ENABLE_DEBUG_INFO = NO;
				SDKROOT = appletvos;
				SKIP_INSTALL = YES;
				SWIFT_OPTIMIZATION_LEVEL = "-Owholemodule";
				SWIFT_VERSION = 3.0;
				TARGETED_DEVICE_FAMILY = 3;
				VALIDATE_PRODUCT = YES;
			};
			name = Release;
		};
		D5A521A91E7B343D00406F0F /* Debug */ = {
			isa = XCBuildConfiguration;
			buildSettings = {
				ALWAYS_EMBED_SWIFT_STANDARD_LIBRARIES = YES;
				ALWAYS_SEARCH_USER_PATHS = NO;
				CLANG_ANALYZER_NONNULL = YES;
				CLANG_WARN_BOOL_CONVERSION = YES;
				CLANG_WARN_CONSTANT_CONVERSION = YES;
				CLANG_WARN_DIRECT_OBJC_ISA_USAGE = YES_ERROR;
				CLANG_WARN_DOCUMENTATION_COMMENTS = YES;
				CLANG_WARN_EMPTY_BODY = YES;
				CLANG_WARN_ENUM_CONVERSION = YES;
				CLANG_WARN_INFINITE_RECURSION = YES;
				CLANG_WARN_INT_CONVERSION = YES;
				CLANG_WARN_OBJC_ROOT_CLASS = YES_ERROR;
				CLANG_WARN_SUSPICIOUS_MOVE = YES;
				CLANG_WARN_UNREACHABLE_CODE = YES;
				CLANG_WARN__DUPLICATE_METHOD_MATCH = YES;
				COPY_PHASE_STRIP = NO;
				DEBUG_INFORMATION_FORMAT = dwarf;
				ENABLE_STRICT_OBJC_MSGSEND = YES;
				ENABLE_TESTABILITY = YES;
				GCC_DYNAMIC_NO_PIC = NO;
				GCC_NO_COMMON_BLOCKS = YES;
				GCC_OPTIMIZATION_LEVEL = 0;
				GCC_PREPROCESSOR_DEFINITIONS = (
					"DEBUG=1",
					"$(inherited)",
				);
				GCC_WARN_64_TO_32_BIT_CONVERSION = YES;
				GCC_WARN_ABOUT_RETURN_TYPE = YES_ERROR;
				GCC_WARN_UNDECLARED_SELECTOR = YES;
				GCC_WARN_UNINITIALIZED_AUTOS = YES_AGGRESSIVE;
				GCC_WARN_UNUSED_FUNCTION = YES;
				GCC_WARN_UNUSED_VARIABLE = YES;
				INFOPLIST_FILE = tvOSTests/Info.plist;
				LD_RUNPATH_SEARCH_PATHS = "$(inherited) @executable_path/Frameworks @loader_path/Frameworks";
				MTL_ENABLE_DEBUG_INFO = YES;
				ONLY_ACTIVE_ARCH = YES;
				PRODUCT_BUNDLE_IDENTIFIER = com.intelygenz.tvOSTests;
				PRODUCT_NAME = "$(TARGET_NAME)";
				SDKROOT = appletvos;
				SWIFT_ACTIVE_COMPILATION_CONDITIONS = DEBUG;
				SWIFT_OPTIMIZATION_LEVEL = "-Onone";
			};
			name = Debug;
		};
		D5A521AA1E7B343D00406F0F /* Release */ = {
			isa = XCBuildConfiguration;
			buildSettings = {
				ALWAYS_EMBED_SWIFT_STANDARD_LIBRARIES = YES;
				ALWAYS_SEARCH_USER_PATHS = NO;
				CLANG_ANALYZER_NONNULL = YES;
				CLANG_WARN_BOOL_CONVERSION = YES;
				CLANG_WARN_CONSTANT_CONVERSION = YES;
				CLANG_WARN_DIRECT_OBJC_ISA_USAGE = YES_ERROR;
				CLANG_WARN_DOCUMENTATION_COMMENTS = YES;
				CLANG_WARN_EMPTY_BODY = YES;
				CLANG_WARN_ENUM_CONVERSION = YES;
				CLANG_WARN_INFINITE_RECURSION = YES;
				CLANG_WARN_INT_CONVERSION = YES;
				CLANG_WARN_OBJC_ROOT_CLASS = YES_ERROR;
				CLANG_WARN_SUSPICIOUS_MOVE = YES;
				CLANG_WARN_UNREACHABLE_CODE = YES;
				CLANG_WARN__DUPLICATE_METHOD_MATCH = YES;
				COPY_PHASE_STRIP = NO;
				DEBUG_INFORMATION_FORMAT = "dwarf-with-dsym";
				ENABLE_NS_ASSERTIONS = NO;
				ENABLE_STRICT_OBJC_MSGSEND = YES;
				GCC_NO_COMMON_BLOCKS = YES;
				GCC_WARN_64_TO_32_BIT_CONVERSION = YES;
				GCC_WARN_ABOUT_RETURN_TYPE = YES_ERROR;
				GCC_WARN_UNDECLARED_SELECTOR = YES;
				GCC_WARN_UNINITIALIZED_AUTOS = YES_AGGRESSIVE;
				GCC_WARN_UNUSED_FUNCTION = YES;
				GCC_WARN_UNUSED_VARIABLE = YES;
				INFOPLIST_FILE = tvOSTests/Info.plist;
				LD_RUNPATH_SEARCH_PATHS = "$(inherited) @executable_path/Frameworks @loader_path/Frameworks";
				MTL_ENABLE_DEBUG_INFO = NO;
				PRODUCT_BUNDLE_IDENTIFIER = com.intelygenz.tvOSTests;
				PRODUCT_NAME = "$(TARGET_NAME)";
				SDKROOT = appletvos;
				SWIFT_OPTIMIZATION_LEVEL = "-Owholemodule";
				VALIDATE_PRODUCT = YES;
			};
			name = Release;
		};
		D5A521C21E7B345000406F0F /* Debug */ = {
			isa = XCBuildConfiguration;
			buildSettings = {
				ALWAYS_SEARCH_USER_PATHS = NO;
				APPLICATION_EXTENSION_API_ONLY = YES;
				CLANG_ANALYZER_NONNULL = YES;
				CLANG_WARN_BOOL_CONVERSION = YES;
				CLANG_WARN_CONSTANT_CONVERSION = YES;
				CLANG_WARN_DIRECT_OBJC_ISA_USAGE = YES_ERROR;
				CLANG_WARN_DOCUMENTATION_COMMENTS = YES;
				CLANG_WARN_EMPTY_BODY = YES;
				CLANG_WARN_ENUM_CONVERSION = YES;
				CLANG_WARN_INFINITE_RECURSION = YES;
				CLANG_WARN_INT_CONVERSION = YES;
				CLANG_WARN_OBJC_ROOT_CLASS = YES_ERROR;
				CLANG_WARN_SUSPICIOUS_MOVE = YES;
				CLANG_WARN_UNREACHABLE_CODE = YES;
				CLANG_WARN__DUPLICATE_METHOD_MATCH = YES;
				CODE_SIGN_IDENTITY = "Mac Developer";
				COMBINE_HIDPI_IMAGES = YES;
				COPY_PHASE_STRIP = NO;
				DEBUG_INFORMATION_FORMAT = dwarf;
				DEFINES_MODULE = YES;
				DYLIB_INSTALL_NAME_BASE = "@rpath";
				ENABLE_STRICT_OBJC_MSGSEND = YES;
				ENABLE_TESTABILITY = YES;
				GCC_DYNAMIC_NO_PIC = NO;
				GCC_NO_COMMON_BLOCKS = YES;
				GCC_OPTIMIZATION_LEVEL = 0;
				GCC_PREPROCESSOR_DEFINITIONS = (
					"DEBUG=1",
					"$(inherited)",
				);
				GCC_WARN_64_TO_32_BIT_CONVERSION = YES;
				GCC_WARN_ABOUT_RETURN_TYPE = YES_ERROR;
				GCC_WARN_UNDECLARED_SELECTOR = YES;
				GCC_WARN_UNINITIALIZED_AUTOS = YES_AGGRESSIVE;
				GCC_WARN_UNUSED_FUNCTION = YES;
				GCC_WARN_UNUSED_VARIABLE = YES;
				INSTALL_PATH = "$(LOCAL_LIBRARY_DIR)/Frameworks";
				LD_RUNPATH_SEARCH_PATHS = "$(inherited) @executable_path/../Frameworks @loader_path/Frameworks";
				MTL_ENABLE_DEBUG_INFO = YES;
				ONLY_ACTIVE_ARCH = YES;
				SDKROOT = macosx;
				SKIP_INSTALL = YES;
				SWIFT_ACTIVE_COMPILATION_CONDITIONS = DEBUG;
				SWIFT_OPTIMIZATION_LEVEL = "-Onone";
				SWIFT_VERSION = 3.0;
			};
			name = Debug;
		};
		D5A521C31E7B345000406F0F /* Release */ = {
			isa = XCBuildConfiguration;
			buildSettings = {
				ALWAYS_SEARCH_USER_PATHS = NO;
				APPLICATION_EXTENSION_API_ONLY = YES;
				CLANG_ANALYZER_NONNULL = YES;
				CLANG_WARN_BOOL_CONVERSION = YES;
				CLANG_WARN_CONSTANT_CONVERSION = YES;
				CLANG_WARN_DIRECT_OBJC_ISA_USAGE = YES_ERROR;
				CLANG_WARN_DOCUMENTATION_COMMENTS = YES;
				CLANG_WARN_EMPTY_BODY = YES;
				CLANG_WARN_ENUM_CONVERSION = YES;
				CLANG_WARN_INFINITE_RECURSION = YES;
				CLANG_WARN_INT_CONVERSION = YES;
				CLANG_WARN_OBJC_ROOT_CLASS = YES_ERROR;
				CLANG_WARN_SUSPICIOUS_MOVE = YES;
				CLANG_WARN_UNREACHABLE_CODE = YES;
				CLANG_WARN__DUPLICATE_METHOD_MATCH = YES;
				CODE_SIGN_IDENTITY = "3rd Party Mac Developer Application";
				COMBINE_HIDPI_IMAGES = YES;
				COPY_PHASE_STRIP = NO;
				DEBUG_INFORMATION_FORMAT = "dwarf-with-dsym";
				DEFINES_MODULE = YES;
				DYLIB_INSTALL_NAME_BASE = "@rpath";
				ENABLE_NS_ASSERTIONS = NO;
				ENABLE_STRICT_OBJC_MSGSEND = YES;
				GCC_NO_COMMON_BLOCKS = YES;
				GCC_WARN_64_TO_32_BIT_CONVERSION = YES;
				GCC_WARN_ABOUT_RETURN_TYPE = YES_ERROR;
				GCC_WARN_UNDECLARED_SELECTOR = YES;
				GCC_WARN_UNINITIALIZED_AUTOS = YES_AGGRESSIVE;
				GCC_WARN_UNUSED_FUNCTION = YES;
				GCC_WARN_UNUSED_VARIABLE = YES;
				INSTALL_PATH = "$(LOCAL_LIBRARY_DIR)/Frameworks";
				LD_RUNPATH_SEARCH_PATHS = "$(inherited) @executable_path/../Frameworks @loader_path/Frameworks";
				MTL_ENABLE_DEBUG_INFO = NO;
				SDKROOT = macosx;
				SKIP_INSTALL = YES;
				SWIFT_OPTIMIZATION_LEVEL = "-Owholemodule";
				SWIFT_VERSION = 3.0;
			};
			name = Release;
		};
		D5A521C51E7B345000406F0F /* Debug */ = {
			isa = XCBuildConfiguration;
			buildSettings = {
				ALWAYS_EMBED_SWIFT_STANDARD_LIBRARIES = YES;
				ALWAYS_SEARCH_USER_PATHS = NO;
				CLANG_ANALYZER_NONNULL = YES;
				CLANG_WARN_BOOL_CONVERSION = YES;
				CLANG_WARN_CONSTANT_CONVERSION = YES;
				CLANG_WARN_DIRECT_OBJC_ISA_USAGE = YES_ERROR;
				CLANG_WARN_DOCUMENTATION_COMMENTS = YES;
				CLANG_WARN_EMPTY_BODY = YES;
				CLANG_WARN_ENUM_CONVERSION = YES;
				CLANG_WARN_INFINITE_RECURSION = YES;
				CLANG_WARN_INT_CONVERSION = YES;
				CLANG_WARN_OBJC_ROOT_CLASS = YES_ERROR;
				CLANG_WARN_SUSPICIOUS_MOVE = YES;
				CLANG_WARN_UNREACHABLE_CODE = YES;
				CLANG_WARN__DUPLICATE_METHOD_MATCH = YES;
				CODE_SIGN_IDENTITY = "Mac Developer";
				COMBINE_HIDPI_IMAGES = YES;
				COPY_PHASE_STRIP = NO;
				DEBUG_INFORMATION_FORMAT = dwarf;
				ENABLE_STRICT_OBJC_MSGSEND = YES;
				ENABLE_TESTABILITY = YES;
				GCC_DYNAMIC_NO_PIC = NO;
				GCC_NO_COMMON_BLOCKS = YES;
				GCC_OPTIMIZATION_LEVEL = 0;
				GCC_PREPROCESSOR_DEFINITIONS = (
					"DEBUG=1",
					"$(inherited)",
				);
				GCC_WARN_64_TO_32_BIT_CONVERSION = YES;
				GCC_WARN_ABOUT_RETURN_TYPE = YES_ERROR;
				GCC_WARN_UNDECLARED_SELECTOR = YES;
				GCC_WARN_UNINITIALIZED_AUTOS = YES_AGGRESSIVE;
				GCC_WARN_UNUSED_FUNCTION = YES;
				GCC_WARN_UNUSED_VARIABLE = YES;
				INFOPLIST_FILE = macOSTests/Info.plist;
				LD_RUNPATH_SEARCH_PATHS = "$(inherited) @executable_path/../Frameworks @loader_path/../Frameworks";
				MTL_ENABLE_DEBUG_INFO = YES;
				ONLY_ACTIVE_ARCH = YES;
				PRODUCT_BUNDLE_IDENTIFIER = com.intelygenz.macOSTests;
				PRODUCT_NAME = "$(TARGET_NAME)";
				SDKROOT = macosx;
				SWIFT_ACTIVE_COMPILATION_CONDITIONS = DEBUG;
				SWIFT_OPTIMIZATION_LEVEL = "-Onone";
			};
			name = Debug;
		};
		D5A521C61E7B345000406F0F /* Release */ = {
			isa = XCBuildConfiguration;
			buildSettings = {
				ALWAYS_EMBED_SWIFT_STANDARD_LIBRARIES = YES;
				ALWAYS_SEARCH_USER_PATHS = NO;
				CLANG_ANALYZER_NONNULL = YES;
				CLANG_WARN_BOOL_CONVERSION = YES;
				CLANG_WARN_CONSTANT_CONVERSION = YES;
				CLANG_WARN_DIRECT_OBJC_ISA_USAGE = YES_ERROR;
				CLANG_WARN_DOCUMENTATION_COMMENTS = YES;
				CLANG_WARN_EMPTY_BODY = YES;
				CLANG_WARN_ENUM_CONVERSION = YES;
				CLANG_WARN_INFINITE_RECURSION = YES;
				CLANG_WARN_INT_CONVERSION = YES;
				CLANG_WARN_OBJC_ROOT_CLASS = YES_ERROR;
				CLANG_WARN_SUSPICIOUS_MOVE = YES;
				CLANG_WARN_UNREACHABLE_CODE = YES;
				CLANG_WARN__DUPLICATE_METHOD_MATCH = YES;
				CODE_SIGN_IDENTITY = "3rd Party Mac Developer Application";
				COMBINE_HIDPI_IMAGES = YES;
				COPY_PHASE_STRIP = NO;
				DEBUG_INFORMATION_FORMAT = "dwarf-with-dsym";
				ENABLE_NS_ASSERTIONS = NO;
				ENABLE_STRICT_OBJC_MSGSEND = YES;
				GCC_NO_COMMON_BLOCKS = YES;
				GCC_WARN_64_TO_32_BIT_CONVERSION = YES;
				GCC_WARN_ABOUT_RETURN_TYPE = YES_ERROR;
				GCC_WARN_UNDECLARED_SELECTOR = YES;
				GCC_WARN_UNINITIALIZED_AUTOS = YES_AGGRESSIVE;
				GCC_WARN_UNUSED_FUNCTION = YES;
				GCC_WARN_UNUSED_VARIABLE = YES;
				INFOPLIST_FILE = macOSTests/Info.plist;
				LD_RUNPATH_SEARCH_PATHS = "$(inherited) @executable_path/../Frameworks @loader_path/../Frameworks";
				MTL_ENABLE_DEBUG_INFO = NO;
				PRODUCT_BUNDLE_IDENTIFIER = com.intelygenz.macOSTests;
				PRODUCT_NAME = "$(TARGET_NAME)";
				SDKROOT = macosx;
				SWIFT_OPTIMIZATION_LEVEL = "-Owholemodule";
			};
			name = Release;
		};
		D5A521E61E7B348200406F0F /* Debug */ = {
			isa = XCBuildConfiguration;
			buildSettings = {
				ALWAYS_EMBED_SWIFT_STANDARD_LIBRARIES = YES;
				ALWAYS_SEARCH_USER_PATHS = NO;
				ASSETCATALOG_COMPILER_APPICON_NAME = AppIcon;
				CLANG_ANALYZER_NONNULL = YES;
				CLANG_WARN_BOOL_CONVERSION = YES;
				CLANG_WARN_CONSTANT_CONVERSION = YES;
				CLANG_WARN_DIRECT_OBJC_ISA_USAGE = YES_ERROR;
				CLANG_WARN_DOCUMENTATION_COMMENTS = YES;
				CLANG_WARN_EMPTY_BODY = YES;
				CLANG_WARN_ENUM_CONVERSION = YES;
				CLANG_WARN_INFINITE_RECURSION = YES;
				CLANG_WARN_INT_CONVERSION = YES;
				CLANG_WARN_OBJC_ROOT_CLASS = YES_ERROR;
				CLANG_WARN_SUSPICIOUS_MOVE = YES;
				CLANG_WARN_UNREACHABLE_CODE = YES;
				CLANG_WARN__DUPLICATE_METHOD_MATCH = YES;
				CODE_SIGN_IDENTITY = "iPhone Developer";
				COPY_PHASE_STRIP = NO;
				DEBUG_INFORMATION_FORMAT = dwarf;
				ENABLE_STRICT_OBJC_MSGSEND = YES;
				ENABLE_TESTABILITY = YES;
				GCC_DYNAMIC_NO_PIC = NO;
				GCC_NO_COMMON_BLOCKS = YES;
				GCC_OPTIMIZATION_LEVEL = 0;
				GCC_PREPROCESSOR_DEFINITIONS = (
					"DEBUG=1",
					"$(inherited)",
				);
				GCC_WARN_64_TO_32_BIT_CONVERSION = YES;
				GCC_WARN_ABOUT_RETURN_TYPE = YES_ERROR;
				GCC_WARN_UNDECLARED_SELECTOR = YES;
				GCC_WARN_UNINITIALIZED_AUTOS = YES_AGGRESSIVE;
				GCC_WARN_UNUSED_FUNCTION = YES;
				GCC_WARN_UNUSED_VARIABLE = YES;
				INFOPLIST_FILE = Example/Info.plist;
				LD_RUNPATH_SEARCH_PATHS = "$(inherited) @executable_path/Frameworks";
				MTL_ENABLE_DEBUG_INFO = YES;
				ONLY_ACTIVE_ARCH = YES;
				PRODUCT_BUNDLE_IDENTIFIER = com.intelygenz.Example;
				PRODUCT_NAME = "$(TARGET_NAME)";
				SDKROOT = iphoneos;
				SWIFT_ACTIVE_COMPILATION_CONDITIONS = DEBUG;
				SWIFT_OPTIMIZATION_LEVEL = "-Onone";
				TARGETED_DEVICE_FAMILY = "1,2";
			};
			name = Debug;
		};
		D5A521E71E7B348200406F0F /* Release */ = {
			isa = XCBuildConfiguration;
			buildSettings = {
				ALWAYS_EMBED_SWIFT_STANDARD_LIBRARIES = YES;
				ALWAYS_SEARCH_USER_PATHS = NO;
				ASSETCATALOG_COMPILER_APPICON_NAME = AppIcon;
				CLANG_ANALYZER_NONNULL = YES;
				CLANG_WARN_BOOL_CONVERSION = YES;
				CLANG_WARN_CONSTANT_CONVERSION = YES;
				CLANG_WARN_DIRECT_OBJC_ISA_USAGE = YES_ERROR;
				CLANG_WARN_DOCUMENTATION_COMMENTS = YES;
				CLANG_WARN_EMPTY_BODY = YES;
				CLANG_WARN_ENUM_CONVERSION = YES;
				CLANG_WARN_INFINITE_RECURSION = YES;
				CLANG_WARN_INT_CONVERSION = YES;
				CLANG_WARN_OBJC_ROOT_CLASS = YES_ERROR;
				CLANG_WARN_SUSPICIOUS_MOVE = YES;
				CLANG_WARN_UNREACHABLE_CODE = YES;
				CLANG_WARN__DUPLICATE_METHOD_MATCH = YES;
				CODE_SIGN_IDENTITY = "iPhone Distribution";
				COPY_PHASE_STRIP = NO;
				DEBUG_INFORMATION_FORMAT = "dwarf-with-dsym";
				ENABLE_NS_ASSERTIONS = NO;
				ENABLE_STRICT_OBJC_MSGSEND = YES;
				GCC_NO_COMMON_BLOCKS = YES;
				GCC_WARN_64_TO_32_BIT_CONVERSION = YES;
				GCC_WARN_ABOUT_RETURN_TYPE = YES_ERROR;
				GCC_WARN_UNDECLARED_SELECTOR = YES;
				GCC_WARN_UNINITIALIZED_AUTOS = YES_AGGRESSIVE;
				GCC_WARN_UNUSED_FUNCTION = YES;
				GCC_WARN_UNUSED_VARIABLE = YES;
				INFOPLIST_FILE = Example/Info.plist;
				LD_RUNPATH_SEARCH_PATHS = "$(inherited) @executable_path/Frameworks";
				MTL_ENABLE_DEBUG_INFO = NO;
				PRODUCT_BUNDLE_IDENTIFIER = com.intelygenz.Example;
				PRODUCT_NAME = "$(TARGET_NAME)";
				SDKROOT = iphoneos;
				SWIFT_OPTIMIZATION_LEVEL = "-Owholemodule";
				TARGETED_DEVICE_FAMILY = "1,2";
				VALIDATE_PRODUCT = YES;
			};
			name = Release;
		};
		D5A521E91E7B348200406F0F /* Debug */ = {
			isa = XCBuildConfiguration;
			buildSettings = {
				ALWAYS_EMBED_SWIFT_STANDARD_LIBRARIES = YES;
				ALWAYS_SEARCH_USER_PATHS = NO;
				CLANG_ANALYZER_NONNULL = YES;
				CLANG_WARN_BOOL_CONVERSION = YES;
				CLANG_WARN_CONSTANT_CONVERSION = YES;
				CLANG_WARN_DIRECT_OBJC_ISA_USAGE = YES_ERROR;
				CLANG_WARN_DOCUMENTATION_COMMENTS = YES;
				CLANG_WARN_EMPTY_BODY = YES;
				CLANG_WARN_ENUM_CONVERSION = YES;
				CLANG_WARN_INFINITE_RECURSION = YES;
				CLANG_WARN_INT_CONVERSION = YES;
				CLANG_WARN_OBJC_ROOT_CLASS = YES_ERROR;
				CLANG_WARN_SUSPICIOUS_MOVE = YES;
				CLANG_WARN_UNREACHABLE_CODE = YES;
				CLANG_WARN__DUPLICATE_METHOD_MATCH = YES;
				CODE_SIGN_IDENTITY = "iPhone Developer";
				COPY_PHASE_STRIP = NO;
				DEBUG_INFORMATION_FORMAT = dwarf;
				ENABLE_STRICT_OBJC_MSGSEND = YES;
				ENABLE_TESTABILITY = YES;
				GCC_DYNAMIC_NO_PIC = NO;
				GCC_NO_COMMON_BLOCKS = YES;
				GCC_OPTIMIZATION_LEVEL = 0;
				GCC_PREPROCESSOR_DEFINITIONS = (
					"DEBUG=1",
					"$(inherited)",
				);
				GCC_WARN_64_TO_32_BIT_CONVERSION = YES;
				GCC_WARN_ABOUT_RETURN_TYPE = YES_ERROR;
				GCC_WARN_UNDECLARED_SELECTOR = YES;
				GCC_WARN_UNINITIALIZED_AUTOS = YES_AGGRESSIVE;
				GCC_WARN_UNUSED_FUNCTION = YES;
				GCC_WARN_UNUSED_VARIABLE = YES;
				INFOPLIST_FILE = ExampleUITests/Info.plist;
				IPHONEOS_DEPLOYMENT_TARGET = 9.0;
				LD_RUNPATH_SEARCH_PATHS = "$(inherited) @executable_path/Frameworks @loader_path/Frameworks";
				MTL_ENABLE_DEBUG_INFO = YES;
				ONLY_ACTIVE_ARCH = YES;
				PRODUCT_BUNDLE_IDENTIFIER = com.intelygenz.ExampleUITests;
				PRODUCT_NAME = "$(TARGET_NAME)";
				SDKROOT = iphoneos;
				SWIFT_ACTIVE_COMPILATION_CONDITIONS = DEBUG;
				SWIFT_OPTIMIZATION_LEVEL = "-Onone";
				TEST_TARGET_NAME = Example;
			};
			name = Debug;
		};
		D5A521EA1E7B348200406F0F /* Release */ = {
			isa = XCBuildConfiguration;
			buildSettings = {
				ALWAYS_EMBED_SWIFT_STANDARD_LIBRARIES = YES;
				ALWAYS_SEARCH_USER_PATHS = NO;
				CLANG_ANALYZER_NONNULL = YES;
				CLANG_WARN_BOOL_CONVERSION = YES;
				CLANG_WARN_CONSTANT_CONVERSION = YES;
				CLANG_WARN_DIRECT_OBJC_ISA_USAGE = YES_ERROR;
				CLANG_WARN_DOCUMENTATION_COMMENTS = YES;
				CLANG_WARN_EMPTY_BODY = YES;
				CLANG_WARN_ENUM_CONVERSION = YES;
				CLANG_WARN_INFINITE_RECURSION = YES;
				CLANG_WARN_INT_CONVERSION = YES;
				CLANG_WARN_OBJC_ROOT_CLASS = YES_ERROR;
				CLANG_WARN_SUSPICIOUS_MOVE = YES;
				CLANG_WARN_UNREACHABLE_CODE = YES;
				CLANG_WARN__DUPLICATE_METHOD_MATCH = YES;
				CODE_SIGN_IDENTITY = "iPhone Distribution";
				COPY_PHASE_STRIP = NO;
				DEBUG_INFORMATION_FORMAT = "dwarf-with-dsym";
				ENABLE_NS_ASSERTIONS = NO;
				ENABLE_STRICT_OBJC_MSGSEND = YES;
				GCC_NO_COMMON_BLOCKS = YES;
				GCC_WARN_64_TO_32_BIT_CONVERSION = YES;
				GCC_WARN_ABOUT_RETURN_TYPE = YES_ERROR;
				GCC_WARN_UNDECLARED_SELECTOR = YES;
				GCC_WARN_UNINITIALIZED_AUTOS = YES_AGGRESSIVE;
				GCC_WARN_UNUSED_FUNCTION = YES;
				GCC_WARN_UNUSED_VARIABLE = YES;
				INFOPLIST_FILE = ExampleUITests/Info.plist;
				IPHONEOS_DEPLOYMENT_TARGET = 9.0;
				LD_RUNPATH_SEARCH_PATHS = "$(inherited) @executable_path/Frameworks @loader_path/Frameworks";
				MTL_ENABLE_DEBUG_INFO = NO;
				PRODUCT_BUNDLE_IDENTIFIER = com.intelygenz.ExampleUITests;
				PRODUCT_NAME = "$(TARGET_NAME)";
				SDKROOT = iphoneos;
				SWIFT_OPTIMIZATION_LEVEL = "-Owholemodule";
				TEST_TARGET_NAME = Example;
				VALIDATE_PRODUCT = YES;
			};
			name = Release;
		};
/* End XCBuildConfiguration section */

/* Begin XCConfigurationList section */
		D5A5215E1E7B33FF00406F0F /* Build configuration list for PBXProject "Net" */ = {
			isa = XCConfigurationList;
			buildConfigurations = (
				D5A5215F1E7B33FF00406F0F /* Debug */,
				D5A521601E7B33FF00406F0F /* Release */,
			);
			defaultConfigurationIsVisible = 0;
			defaultConfigurationName = Release;
		};
		D5A521621E7B340D00406F0F /* Build configuration list for PBXAggregateTarget "Core" */ = {
			isa = XCConfigurationList;
			buildConfigurations = (
				D5A521631E7B340D00406F0F /* Debug */,
				D5A521641E7B340D00406F0F /* Release */,
			);
			defaultConfigurationIsVisible = 0;
			defaultConfigurationName = Release;
		};
		D5A5217C1E7B342100406F0F /* Build configuration list for PBXNativeTarget "iOS" */ = {
			isa = XCConfigurationList;
			buildConfigurations = (
				D5A5217D1E7B342100406F0F /* Debug */,
				D5A5217E1E7B342100406F0F /* Release */,
			);
			defaultConfigurationIsVisible = 0;
			defaultConfigurationName = Release;
		};
		D5A5217F1E7B342100406F0F /* Build configuration list for PBXNativeTarget "iOSTests" */ = {
			isa = XCConfigurationList;
			buildConfigurations = (
				D5A521801E7B342100406F0F /* Debug */,
				D5A521811E7B342100406F0F /* Release */,
			);
			defaultConfigurationIsVisible = 0;
			defaultConfigurationName = Release;
		};
		D5A5218C1E7B342F00406F0F /* Build configuration list for PBXNativeTarget "watchOS" */ = {
			isa = XCConfigurationList;
			buildConfigurations = (
				D5A5218D1E7B342F00406F0F /* Debug */,
				D5A5218E1E7B342F00406F0F /* Release */,
			);
			defaultConfigurationIsVisible = 0;
			defaultConfigurationName = Release;
		};
		D5A521A51E7B343D00406F0F /* Build configuration list for PBXNativeTarget "tvOS" */ = {
			isa = XCConfigurationList;
			buildConfigurations = (
				D5A521A61E7B343D00406F0F /* Debug */,
				D5A521A71E7B343D00406F0F /* Release */,
			);
			defaultConfigurationIsVisible = 0;
			defaultConfigurationName = Release;
		};
		D5A521A81E7B343D00406F0F /* Build configuration list for PBXNativeTarget "tvOSTests" */ = {
			isa = XCConfigurationList;
			buildConfigurations = (
				D5A521A91E7B343D00406F0F /* Debug */,
				D5A521AA1E7B343D00406F0F /* Release */,
			);
			defaultConfigurationIsVisible = 0;
			defaultConfigurationName = Release;
		};
		D5A521C11E7B345000406F0F /* Build configuration list for PBXNativeTarget "macOS" */ = {
			isa = XCConfigurationList;
			buildConfigurations = (
				D5A521C21E7B345000406F0F /* Debug */,
				D5A521C31E7B345000406F0F /* Release */,
			);
			defaultConfigurationIsVisible = 0;
			defaultConfigurationName = Release;
		};
		D5A521C41E7B345000406F0F /* Build configuration list for PBXNativeTarget "macOSTests" */ = {
			isa = XCConfigurationList;
			buildConfigurations = (
				D5A521C51E7B345000406F0F /* Debug */,
				D5A521C61E7B345000406F0F /* Release */,
			);
			defaultConfigurationIsVisible = 0;
			defaultConfigurationName = Release;
		};
		D5A521E51E7B348200406F0F /* Build configuration list for PBXNativeTarget "Example" */ = {
			isa = XCConfigurationList;
			buildConfigurations = (
				D5A521E61E7B348200406F0F /* Debug */,
				D5A521E71E7B348200406F0F /* Release */,
			);
			defaultConfigurationIsVisible = 0;
			defaultConfigurationName = Release;
		};
		D5A521E81E7B348200406F0F /* Build configuration list for PBXNativeTarget "ExampleUITests" */ = {
			isa = XCConfigurationList;
			buildConfigurations = (
				D5A521E91E7B348200406F0F /* Debug */,
				D5A521EA1E7B348200406F0F /* Release */,
			);
			defaultConfigurationIsVisible = 0;
			defaultConfigurationName = Release;
		};
/* End XCConfigurationList section */
	};
	rootObject = D5A5215B1E7B33FF00406F0F /* Project object */;
}
